// !$*UTF8*$!
{
	archiveVersion = 1;
	classes = {
	};
	objectVersion = 46;
	objects = {

/* Begin PBXBuildFile section */
		0B15A90E17D3854800CE842D /* libTestFlight.a in Frameworks */ = {isa = PBXBuildFile; fileRef = 0B15A90A17D3854800CE842D /* libTestFlight.a */; };
		0B1FB50017D4C6AD001D868C /* DWViewController.m in Sources */ = {isa = PBXBuildFile; fileRef = 0B1FB4FF17D4C6AD001D868C /* DWViewController.m */; };
		0B20652117C7BFE0009078AD /* SystemConfiguration.framework in Frameworks */ = {isa = PBXBuildFile; fileRef = 0B20652017C7BFE0009078AD /* SystemConfiguration.framework */; };
		0B20652317C7BFEB009078AD /* CoreTelephony.framework in Frameworks */ = {isa = PBXBuildFile; fileRef = 0B20652217C7BFEB009078AD /* CoreTelephony.framework */; };
		0B20652517C7BFEF009078AD /* AdSupport.framework in Frameworks */ = {isa = PBXBuildFile; fileRef = 0B20652417C7BFEF009078AD /* AdSupport.framework */; };
		0B2BE75317EB2CAB00949B6D /* StoreKit.framework in Frameworks */ = {isa = PBXBuildFile; fileRef = 0B2BE75217EB2CAB00949B6D /* StoreKit.framework */; settings = {ATTRIBUTES = (Weak, ); }; };
		0B3CF7CC184E5F5F007910CB /* DWBusinessPoint.m in Sources */ = {isa = PBXBuildFile; fileRef = 0B3CF7CB184E5F5E007910CB /* DWBusinessPoint.m */; };
		0B3CF7CF184E611F007910CB /* DWBusinessListingViewController.m in Sources */ = {isa = PBXBuildFile; fileRef = 0B3CF7CE184E611F007910CB /* DWBusinessListingViewController.m */; };
		0B3CF7D1184E6C3D007910CB /* Businesses.plist in Resources */ = {isa = PBXBuildFile; fileRef = 0B3CF7D0184E6C3D007910CB /* Businesses.plist */; };
		0B466A81185CD8670047B3C8 /* DWBusinessCategoryViewController.m in Sources */ = {isa = PBXBuildFile; fileRef = 0B466A80185CD8670047B3C8 /* DWBusinessCategoryViewController.m */; };
		0B466A86185CD8870047B3C8 /* DWColour.m in Sources */ = {isa = PBXBuildFile; fileRef = 0B466A83185CD8870047B3C8 /* DWColour.m */; };
		0B466A87185CD8870047B3C8 /* DWTableViewController.m in Sources */ = {isa = PBXBuildFile; fileRef = 0B466A85185CD8870047B3C8 /* DWTableViewController.m */; };
		0B52573B185386B200DDE27E /* AddressBook.framework in Frameworks */ = {isa = PBXBuildFile; fileRef = 0B52573A185386B200DDE27E /* AddressBook.framework */; };
		0B525740185396EF00DDE27E /* wheel.png in Resources */ = {isa = PBXBuildFile; fileRef = 0B52573E185396EF00DDE27E /* wheel.png */; };
		0B525741185396EF00DDE27E /* wheel@2x.png in Resources */ = {isa = PBXBuildFile; fileRef = 0B52573F185396EF00DDE27E /* wheel@2x.png */; };
		0B551A7817D3C73200C9064D /* Appirater.m in Sources */ = {isa = PBXBuildFile; fileRef = 0B551A0E17D3C73200C9064D /* Appirater.m */; };
		0B551A8117D3C73200C9064D /* InfoPlist.strings in Resources */ = {isa = PBXBuildFile; fileRef = 0B551A2617D3C73200C9064D /* InfoPlist.strings */; };
		0B80E276183E7B2900AD9249 /* webcam-down.png in Resources */ = {isa = PBXBuildFile; fileRef = 0B80E274183E7B2900AD9249 /* webcam-down.png */; };
		0B80E277183E7B2900AD9249 /* webcam-down@2x.png in Resources */ = {isa = PBXBuildFile; fileRef = 0B80E275183E7B2900AD9249 /* webcam-down@2x.png */; };
		0B80E27A183E972500AD9249 /* DWAboutViewController.m in Sources */ = {isa = PBXBuildFile; fileRef = 0B80E279183E972500AD9249 /* DWAboutViewController.m */; };
		0B82F2C5182EB9FB007BAEA6 /* MPSurvey.m in Sources */ = {isa = PBXBuildFile; fileRef = 0B8BEF72182EB60200C55F4F /* MPSurvey.m */; };
		0B82F2C7182ECA8D007BAEA6 /* Accelerate.framework in Frameworks */ = {isa = PBXBuildFile; fileRef = 0B82F2C6182ECA8D007BAEA6 /* Accelerate.framework */; };
		0B8930BA17A3003C0093EDDC /* Advertising.plist in Resources */ = {isa = PBXBuildFile; fileRef = 0B8930B917A3003C0093EDDC /* Advertising.plist */; };
		0B8BE88F181B183100AE9B6B /* NSData+GIF.m in Sources */ = {isa = PBXBuildFile; fileRef = 0B8BE872181B183100AE9B6B /* NSData+GIF.m */; };
		0B8BE890181B183100AE9B6B /* SDImageCache.m in Sources */ = {isa = PBXBuildFile; fileRef = 0B8BE874181B183100AE9B6B /* SDImageCache.m */; };
		0B8BE891181B183100AE9B6B /* SDWebImageCompat.m in Sources */ = {isa = PBXBuildFile; fileRef = 0B8BE876181B183100AE9B6B /* SDWebImageCompat.m */; };
		0B8BE892181B183100AE9B6B /* SDWebImageDecoder.m in Sources */ = {isa = PBXBuildFile; fileRef = 0B8BE878181B183100AE9B6B /* SDWebImageDecoder.m */; };
		0B8BE893181B183100AE9B6B /* SDWebImageDownloader.m in Sources */ = {isa = PBXBuildFile; fileRef = 0B8BE87A181B183100AE9B6B /* SDWebImageDownloader.m */; };
		0B8BE894181B183100AE9B6B /* SDWebImageDownloaderOperation.m in Sources */ = {isa = PBXBuildFile; fileRef = 0B8BE87C181B183100AE9B6B /* SDWebImageDownloaderOperation.m */; };
		0B8BE895181B183100AE9B6B /* SDWebImageManager.m in Sources */ = {isa = PBXBuildFile; fileRef = 0B8BE87E181B183100AE9B6B /* SDWebImageManager.m */; };
		0B8BE896181B183100AE9B6B /* SDWebImagePrefetcher.m in Sources */ = {isa = PBXBuildFile; fileRef = 0B8BE881181B183100AE9B6B /* SDWebImagePrefetcher.m */; };
		0B8BE897181B183100AE9B6B /* UIButton+WebCache.m in Sources */ = {isa = PBXBuildFile; fileRef = 0B8BE883181B183100AE9B6B /* UIButton+WebCache.m */; };
		0B8BE898181B183100AE9B6B /* UIImage+GIF.m in Sources */ = {isa = PBXBuildFile; fileRef = 0B8BE885181B183100AE9B6B /* UIImage+GIF.m */; };
		0B8BE899181B183100AE9B6B /* UIImage+MultiFormat.m in Sources */ = {isa = PBXBuildFile; fileRef = 0B8BE887181B183100AE9B6B /* UIImage+MultiFormat.m */; };
		0B8BE89A181B183100AE9B6B /* UIImage+WebP.m in Sources */ = {isa = PBXBuildFile; fileRef = 0B8BE889181B183100AE9B6B /* UIImage+WebP.m */; };
		0B8BE89B181B183100AE9B6B /* UIImageView+WebCache.m in Sources */ = {isa = PBXBuildFile; fileRef = 0B8BE88B181B183100AE9B6B /* UIImageView+WebCache.m */; };
		0B8BEF82182EB60200C55F4F /* Mixpanel.m in Sources */ = {isa = PBXBuildFile; fileRef = 0B8BEF66182EB60200C55F4F /* Mixpanel.m */; };
		0B8BEF83182EB60200C55F4F /* MPArrowLeft.png in Resources */ = {isa = PBXBuildFile; fileRef = 0B8BEF67182EB60200C55F4F /* MPArrowLeft.png */; };
		0B8BEF84182EB60200C55F4F /* MPArrowLeft@2x.png in Resources */ = {isa = PBXBuildFile; fileRef = 0B8BEF68182EB60200C55F4F /* MPArrowLeft@2x.png */; };
		0B8BEF85182EB60200C55F4F /* MPArrowRight.png in Resources */ = {isa = PBXBuildFile; fileRef = 0B8BEF69182EB60200C55F4F /* MPArrowRight.png */; };
		0B8BEF86182EB60200C55F4F /* MPArrowRight@2x.png in Resources */ = {isa = PBXBuildFile; fileRef = 0B8BEF6A182EB60200C55F4F /* MPArrowRight@2x.png */; };
		0B8BEF87182EB60200C55F4F /* MPCheckmark.png in Resources */ = {isa = PBXBuildFile; fileRef = 0B8BEF6B182EB60200C55F4F /* MPCheckmark.png */; };
		0B8BEF88182EB60200C55F4F /* MPCheckmark@2x.png in Resources */ = {isa = PBXBuildFile; fileRef = 0B8BEF6C182EB60200C55F4F /* MPCheckmark@2x.png */; };
		0B8BEF89182EB60200C55F4F /* MPDismissKeyboard.png in Resources */ = {isa = PBXBuildFile; fileRef = 0B8BEF6D182EB60200C55F4F /* MPDismissKeyboard.png */; };
		0B8BEF8A182EB60200C55F4F /* MPDismissKeyboard@2x.png in Resources */ = {isa = PBXBuildFile; fileRef = 0B8BEF6E182EB60200C55F4F /* MPDismissKeyboard@2x.png */; };
		0B8BEF8B182EB60200C55F4F /* MPLogo.png in Resources */ = {isa = PBXBuildFile; fileRef = 0B8BEF6F182EB60200C55F4F /* MPLogo.png */; };
		0B8BEF8C182EB60200C55F4F /* MPLogo@2x.png in Resources */ = {isa = PBXBuildFile; fileRef = 0B8BEF70182EB60200C55F4F /* MPLogo@2x.png */; };
		0B8BEF8E182EB60200C55F4F /* MPSurvey.storyboard in Resources */ = {isa = PBXBuildFile; fileRef = 0B8BEF73182EB60200C55F4F /* MPSurvey.storyboard */; };
		0B8BEF8F182EB60200C55F4F /* MPSurveyNavigationController.m in Sources */ = {isa = PBXBuildFile; fileRef = 0B8BEF75182EB60200C55F4F /* MPSurveyNavigationController.m */; };
		0B8BEF90182EB60200C55F4F /* MPSurveyQuestion.m in Sources */ = {isa = PBXBuildFile; fileRef = 0B8BEF77182EB60200C55F4F /* MPSurveyQuestion.m */; };
		0B8BEF91182EB60200C55F4F /* MPSurveyQuestionViewController.m in Sources */ = {isa = PBXBuildFile; fileRef = 0B8BEF79182EB60200C55F4F /* MPSurveyQuestionViewController.m */; };
		0B8BEF92182EB60200C55F4F /* NSData+MPBase64.m in Sources */ = {isa = PBXBuildFile; fileRef = 0B8BEF7B182EB60200C55F4F /* NSData+MPBase64.m */; };
		0B8BEF93182EB60200C55F4F /* UIImage+MPAverageColor.m in Sources */ = {isa = PBXBuildFile; fileRef = 0B8BEF7D182EB60200C55F4F /* UIImage+MPAverageColor.m */; };
		0B8BEF94182EB60200C55F4F /* UIImage+MPImageEffects.m in Sources */ = {isa = PBXBuildFile; fileRef = 0B8BEF7F182EB60200C55F4F /* UIImage+MPImageEffects.m */; };
		0B8BEF95182EB60200C55F4F /* UIView+MPSnapshotImage.m in Sources */ = {isa = PBXBuildFile; fileRef = 0B8BEF81182EB60200C55F4F /* UIView+MPSnapshotImage.m */; };
		0B9B8F0617EA77120033BE83 /* Storyboard-iOS7.storyboard in Resources */ = {isa = PBXBuildFile; fileRef = 0B9B8F0517EA77120033BE83 /* Storyboard-iOS7.storyboard */; };
		0BACAB8918411A3E001FBD3A /* DWBusinessMapViewController.m in Sources */ = {isa = PBXBuildFile; fileRef = 0BACAB8818411A3E001FBD3A /* DWBusinessMapViewController.m */; };
		0BB2CC84185CBF1C000D28E6 /* Images.xcassets in Resources */ = {isa = PBXBuildFile; fileRef = 0BB2CC83185CBF1C000D28E6 /* Images.xcassets */; };
		0BB2CC8D185CD01C000D28E6 /* business.png in Resources */ = {isa = PBXBuildFile; fileRef = 0BB2CC85185CD01C000D28E6 /* business.png */; };
		0BB2CC8E185CD01C000D28E6 /* business@2x.png in Resources */ = {isa = PBXBuildFile; fileRef = 0BB2CC86185CD01C000D28E6 /* business@2x.png */; };
		0BB2CC8F185CD01C000D28E6 /* calendar.png in Resources */ = {isa = PBXBuildFile; fileRef = 0BB2CC87185CD01C000D28E6 /* calendar.png */; };
		0BB2CC90185CD01C000D28E6 /* calendar@2x.png in Resources */ = {isa = PBXBuildFile; fileRef = 0BB2CC88185CD01C000D28E6 /* calendar@2x.png */; };
		0BB2CC91185CD01C000D28E6 /* news.png in Resources */ = {isa = PBXBuildFile; fileRef = 0BB2CC89185CD01C000D28E6 /* news.png */; };
		0BB2CC92185CD01C000D28E6 /* news@2x.png in Resources */ = {isa = PBXBuildFile; fileRef = 0BB2CC8A185CD01C000D28E6 /* news@2x.png */; };
		0BB2CC93185CD01C000D28E6 /* webcam.png in Resources */ = {isa = PBXBuildFile; fileRef = 0BB2CC8B185CD01C000D28E6 /* webcam.png */; };
		0BB2CC94185CD01C000D28E6 /* webcam@2x.png in Resources */ = {isa = PBXBuildFile; fileRef = 0BB2CC8C185CD01C000D28E6 /* webcam@2x.png */; };
		0BB2CC9A185CD50C000D28E6 /* Safari7@2x.png in Resources */ = {isa = PBXBuildFile; fileRef = 0BB2CC96185CD50C000D28E6 /* Safari7@2x.png */; };
		0BB2CC9B185CD50C000D28E6 /* Safari7@2x~ipad.png in Resources */ = {isa = PBXBuildFile; fileRef = 0BB2CC97185CD50C000D28E6 /* Safari7@2x~ipad.png */; };
		0BB2CC9C185CD50C000D28E6 /* Safari7~ipad.png in Resources */ = {isa = PBXBuildFile; fileRef = 0BB2CC98185CD50C000D28E6 /* Safari7~ipad.png */; };
		0BB2CC9E185CD53E000D28E6 /* Safari7.png in Resources */ = {isa = PBXBuildFile; fileRef = 0BB2CC9D185CD53E000D28E6 /* Safari7.png */; };
		0BB38745183BD341008A8B05 /* MapKit.framework in Frameworks */ = {isa = PBXBuildFile; fileRef = E1A4B0FE174B1D490003AFA6 /* MapKit.framework */; };
		E1065853177A1C7000E99DF2 /* DWWebNewsViewController.m in Sources */ = {isa = PBXBuildFile; fileRef = E1065852177A1C7000E99DF2 /* DWWebNewsViewController.m */; };
		E12A09F3176C0DFD00EF16E3 /* TUSafariActivity.strings in Resources */ = {isa = PBXBuildFile; fileRef = E12A09D9176C0DFD00EF16E3 /* TUSafariActivity.strings */; };
		E12A09F4176C0DFD00EF16E3 /* Safari.png in Resources */ = {isa = PBXBuildFile; fileRef = E12A09E9176C0DFD00EF16E3 /* Safari.png */; };
		E12A09F5176C0DFD00EF16E3 /* Safari@2x.png in Resources */ = {isa = PBXBuildFile; fileRef = E12A09EA176C0DFD00EF16E3 /* Safari@2x.png */; };
		E12A09F6176C0DFD00EF16E3 /* Safari@2x~ipad.png in Resources */ = {isa = PBXBuildFile; fileRef = E12A09EB176C0DFD00EF16E3 /* Safari@2x~ipad.png */; };
		E12A09F7176C0DFD00EF16E3 /* Safari~ipad.png in Resources */ = {isa = PBXBuildFile; fileRef = E12A09EC176C0DFD00EF16E3 /* Safari~ipad.png */; };
		E12A09F8176C0DFD00EF16E3 /* TUSafariActivity.m in Sources */ = {isa = PBXBuildFile; fileRef = E12A09F0176C0DFD00EF16E3 /* TUSafariActivity.m */; };
		E12A0A00176C0E1E00EF16E3 /* ARChromeActivity.m in Sources */ = {isa = PBXBuildFile; fileRef = E12A09FB176C0E1E00EF16E3 /* ARChromeActivity.m */; };
		E12A0A01176C0E1E00EF16E3 /* ARChromeActivity.png in Resources */ = {isa = PBXBuildFile; fileRef = E12A09FC176C0E1E00EF16E3 /* ARChromeActivity.png */; };
		E12A0A02176C0E1E00EF16E3 /* ARChromeActivity@2x.png in Resources */ = {isa = PBXBuildFile; fileRef = E12A09FD176C0E1E00EF16E3 /* ARChromeActivity@2x.png */; };
		E12A0A03176C0E1E00EF16E3 /* ARChromeActivity@2x~ipad.png in Resources */ = {isa = PBXBuildFile; fileRef = E12A09FE176C0E1E00EF16E3 /* ARChromeActivity@2x~ipad.png */; };
		E12A0A04176C0E1E00EF16E3 /* ARChromeActivity~ipad.png in Resources */ = {isa = PBXBuildFile; fileRef = E12A09FF176C0E1E00EF16E3 /* ARChromeActivity~ipad.png */; };
		E131D605175E341B002DA1C7 /* libz.dylib in Frameworks */ = {isa = PBXBuildFile; fileRef = E131D604175E341B002DA1C7 /* libz.dylib */; };
		E14B901D1749B77400B9B971 /* UIKit.framework in Frameworks */ = {isa = PBXBuildFile; fileRef = E14B901C1749B77400B9B971 /* UIKit.framework */; };
		E14B901F1749B77400B9B971 /* Foundation.framework in Frameworks */ = {isa = PBXBuildFile; fileRef = E14B901E1749B77400B9B971 /* Foundation.framework */; };
		E14B90211749B77400B9B971 /* CoreGraphics.framework in Frameworks */ = {isa = PBXBuildFile; fileRef = E14B90201749B77400B9B971 /* CoreGraphics.framework */; };
		E14B90271749B77400B9B971 /* InfoPlist.strings in Resources */ = {isa = PBXBuildFile; fileRef = E14B90251749B77400B9B971 /* InfoPlist.strings */; };
		E14B90291749B77400B9B971 /* main.m in Sources */ = {isa = PBXBuildFile; fileRef = E14B90281749B77400B9B971 /* main.m */; };
		E14B902D1749B77400B9B971 /* DWAppDelegate.m in Sources */ = {isa = PBXBuildFile; fileRef = E14B902C1749B77400B9B971 /* DWAppDelegate.m */; };
		E14B90571749B8D700B9B971 /* ImageIO.framework in Frameworks */ = {isa = PBXBuildFile; fileRef = E14B90561749B8D700B9B971 /* ImageIO.framework */; };
		E14B905A1749B9ED00B9B971 /* DWWebcamViewController.m in Sources */ = {isa = PBXBuildFile; fileRef = E14B90591749B9ED00B9B971 /* DWWebcamViewController.m */; };
		E14B907C1749D04000B9B971 /* SMXMLDocument.m in Sources */ = {isa = PBXBuildFile; fileRef = E14B907B1749D03F00B9B971 /* SMXMLDocument.m */; };
		E14B907F1749D2D800B9B971 /* DWNewsViewController.m in Sources */ = {isa = PBXBuildFile; fileRef = E14B907E1749D2D800B9B971 /* DWNewsViewController.m */; };
		E14EA87E179043AE0048AE7B /* dw114.png in Resources */ = {isa = PBXBuildFile; fileRef = E1982BAC1770C452007BCF3A /* dw114.png */; };
		E150216D176251D5008D5BC3 /* tabbar.png in Resources */ = {isa = PBXBuildFile; fileRef = E1502169176251D5008D5BC3 /* tabbar.png */; };
		E150216E176251D5008D5BC3 /* tabbar@2x.png in Resources */ = {isa = PBXBuildFile; fileRef = E150216A176251D5008D5BC3 /* tabbar@2x.png */; };
		E15021771762824A008D5BC3 /* CoreImage.framework in Frameworks */ = {isa = PBXBuildFile; fileRef = E15021761762824A008D5BC3 /* CoreImage.framework */; };
		E159D6FE175BEDF400104922 /* site-logo@2x.png in Resources */ = {isa = PBXBuildFile; fileRef = E159D6FD175BEDF400104922 /* site-logo@2x.png */; };
		E1A4B0991749E0770003AFA6 /* site-logo.png in Resources */ = {isa = PBXBuildFile; fileRef = E1A4B0981749E0770003AFA6 /* site-logo.png */; };
		E1A4B101174B1D500003AFA6 /* QuartzCore.framework in Frameworks */ = {isa = PBXBuildFile; fileRef = E1A4B100174B1D500003AFA6 /* QuartzCore.framework */; };
		E1A4B104174B1DB00003AFA6 /* DWCalendarViewController.m in Sources */ = {isa = PBXBuildFile; fileRef = E1A4B103174B1DB00003AFA6 /* DWCalendarViewController.m */; };
		E1FBDE87174BC21A002A2C48 /* GoogCal.m in Sources */ = {isa = PBXBuildFile; fileRef = E1FBDE84174BC21A002A2C48 /* GoogCal.m */; };
		E1FBDE88174BC21A002A2C48 /* ISO8601DateFormatter.m in Sources */ = {isa = PBXBuildFile; fileRef = E1FBDE86174BC21A002A2C48 /* ISO8601DateFormatter.m */; };
		E1FBDE8A174BC435002A2C48 /* EventKit.framework in Frameworks */ = {isa = PBXBuildFile; fileRef = E1FBDE89174BC435002A2C48 /* EventKit.framework */; };
		E1FBDE8F174BD0DD002A2C48 /* DWEventDetailsViewController.m in Sources */ = {isa = PBXBuildFile; fileRef = E1FBDE8E174BD0DD002A2C48 /* DWEventDetailsViewController.m */; };
/* End PBXBuildFile section */

/* Begin PBXFileReference section */
		0B15A90A17D3854800CE842D /* libTestFlight.a */ = {isa = PBXFileReference; lastKnownFileType = archive.ar; path = libTestFlight.a; sourceTree = "<group>"; };
		0B15A90B17D3854800CE842D /* TestFlight.h */ = {isa = PBXFileReference; fileEncoding = 4; lastKnownFileType = sourcecode.c.h; path = TestFlight.h; sourceTree = "<group>"; };
		0B15A90C17D3854800CE842D /* TestFlight+AsyncLogging.h */ = {isa = PBXFileReference; fileEncoding = 4; lastKnownFileType = sourcecode.c.h; path = "TestFlight+AsyncLogging.h"; sourceTree = "<group>"; };
		0B15A90D17D3854800CE842D /* TestFlight+ManualSessions.h */ = {isa = PBXFileReference; fileEncoding = 4; lastKnownFileType = sourcecode.c.h; path = "TestFlight+ManualSessions.h"; sourceTree = "<group>"; };
		0B1FB4F917D4C51D001D868C /* DWCore.h */ = {isa = PBXFileReference; lastKnownFileType = sourcecode.c.h; path = DWCore.h; sourceTree = "<group>"; };
		0B1FB4FE17D4C6AD001D868C /* DWViewController.h */ = {isa = PBXFileReference; fileEncoding = 4; lastKnownFileType = sourcecode.c.h; path = DWViewController.h; sourceTree = "<group>"; };
		0B1FB4FF17D4C6AD001D868C /* DWViewController.m */ = {isa = PBXFileReference; fileEncoding = 4; lastKnownFileType = sourcecode.c.objc; path = DWViewController.m; sourceTree = "<group>"; };
		0B20652017C7BFE0009078AD /* SystemConfiguration.framework */ = {isa = PBXFileReference; lastKnownFileType = wrapper.framework; name = SystemConfiguration.framework; path = System/Library/Frameworks/SystemConfiguration.framework; sourceTree = SDKROOT; };
		0B20652217C7BFEB009078AD /* CoreTelephony.framework */ = {isa = PBXFileReference; lastKnownFileType = wrapper.framework; name = CoreTelephony.framework; path = System/Library/Frameworks/CoreTelephony.framework; sourceTree = SDKROOT; };
		0B20652417C7BFEF009078AD /* AdSupport.framework */ = {isa = PBXFileReference; lastKnownFileType = wrapper.framework; name = AdSupport.framework; path = System/Library/Frameworks/AdSupport.framework; sourceTree = SDKROOT; };
		0B2BE75217EB2CAB00949B6D /* StoreKit.framework */ = {isa = PBXFileReference; lastKnownFileType = wrapper.framework; name = StoreKit.framework; path = System/Library/Frameworks/StoreKit.framework; sourceTree = SDKROOT; };
		0B3CF7CA184E5F5E007910CB /* DWBusinessPoint.h */ = {isa = PBXFileReference; fileEncoding = 4; lastKnownFileType = sourcecode.c.h; path = DWBusinessPoint.h; sourceTree = "<group>"; };
		0B3CF7CB184E5F5E007910CB /* DWBusinessPoint.m */ = {isa = PBXFileReference; fileEncoding = 4; lastKnownFileType = sourcecode.c.objc; path = DWBusinessPoint.m; sourceTree = "<group>"; };
		0B3CF7CD184E611F007910CB /* DWBusinessListingViewController.h */ = {isa = PBXFileReference; fileEncoding = 4; lastKnownFileType = sourcecode.c.h; path = DWBusinessListingViewController.h; sourceTree = "<group>"; };
		0B3CF7CE184E611F007910CB /* DWBusinessListingViewController.m */ = {isa = PBXFileReference; fileEncoding = 4; lastKnownFileType = sourcecode.c.objc; path = DWBusinessListingViewController.m; sourceTree = "<group>"; };
		0B3CF7D0184E6C3D007910CB /* Businesses.plist */ = {isa = PBXFileReference; fileEncoding = 4; lastKnownFileType = text.plist.xml; path = Businesses.plist; sourceTree = "<group>"; };
		0B466A7F185CD8670047B3C8 /* DWBusinessCategoryViewController.h */ = {isa = PBXFileReference; fileEncoding = 4; lastKnownFileType = sourcecode.c.h; path = DWBusinessCategoryViewController.h; sourceTree = "<group>"; };
		0B466A80185CD8670047B3C8 /* DWBusinessCategoryViewController.m */ = {isa = PBXFileReference; fileEncoding = 4; lastKnownFileType = sourcecode.c.objc; path = DWBusinessCategoryViewController.m; sourceTree = "<group>"; };
		0B466A82185CD8870047B3C8 /* DWColour.h */ = {isa = PBXFileReference; fileEncoding = 4; lastKnownFileType = sourcecode.c.h; path = DWColour.h; sourceTree = "<group>"; };
		0B466A83185CD8870047B3C8 /* DWColour.m */ = {isa = PBXFileReference; fileEncoding = 4; lastKnownFileType = sourcecode.c.objc; path = DWColour.m; sourceTree = "<group>"; };
		0B466A84185CD8870047B3C8 /* DWTableViewController.h */ = {isa = PBXFileReference; fileEncoding = 4; lastKnownFileType = sourcecode.c.h; path = DWTableViewController.h; sourceTree = "<group>"; };
		0B466A85185CD8870047B3C8 /* DWTableViewController.m */ = {isa = PBXFileReference; fileEncoding = 4; lastKnownFileType = sourcecode.c.objc; path = DWTableViewController.m; sourceTree = "<group>"; };
		0B52573A185386B200DDE27E /* AddressBook.framework */ = {isa = PBXFileReference; lastKnownFileType = wrapper.framework; name = AddressBook.framework; path = System/Library/Frameworks/AddressBook.framework; sourceTree = SDKROOT; };
		0B52573E185396EF00DDE27E /* wheel.png */ = {isa = PBXFileReference; lastKnownFileType = image.png; path = wheel.png; sourceTree = "<group>"; };
		0B52573F185396EF00DDE27E /* wheel@2x.png */ = {isa = PBXFileReference; lastKnownFileType = image.png; path = "wheel@2x.png"; sourceTree = "<group>"; };
		0B551A0D17D3C73200C9064D /* Appirater.h */ = {isa = PBXFileReference; fileEncoding = 4; lastKnownFileType = sourcecode.c.h; path = Appirater.h; sourceTree = "<group>"; };
		0B551A0E17D3C73200C9064D /* Appirater.m */ = {isa = PBXFileReference; fileEncoding = 4; lastKnownFileType = sourcecode.c.objc; path = Appirater.m; sourceTree = "<group>"; };
		0B551A1017D3C73200C9064D /* AppiraterDelegate.h */ = {isa = PBXFileReference; fileEncoding = 4; lastKnownFileType = sourcecode.c.h; path = AppiraterDelegate.h; sourceTree = "<group>"; };
		0B551A1317D3C73200C9064D /* ca */ = {isa = PBXFileReference; lastKnownFileType = text.plist.strings; name = ca; path = AppiraterLocalizable.strings; sourceTree = "<group>"; };
		0B551A1517D3C73200C9064D /* GoogCal.h */ = {isa = PBXFileReference; fileEncoding = 4; lastKnownFileType = sourcecode.c.h; path = GoogCal.h; sourceTree = "<group>"; };
		0B551A1617D3C73200C9064D /* GoogCal.m */ = {isa = PBXFileReference; fileEncoding = 4; lastKnownFileType = sourcecode.c.objc; path = GoogCal.m; sourceTree = "<group>"; };
		0B551A1717D3C73200C9064D /* ISO8601DateFormatter.h */ = {isa = PBXFileReference; fileEncoding = 4; lastKnownFileType = sourcecode.c.h; path = ISO8601DateFormatter.h; sourceTree = "<group>"; };
		0B551A1817D3C73200C9064D /* ISO8601DateFormatter.m */ = {isa = PBXFileReference; fileEncoding = 4; lastKnownFileType = sourcecode.c.objc; path = ISO8601DateFormatter.m; sourceTree = "<group>"; };
		0B551A1B17D3C73200C9064D /* cs */ = {isa = PBXFileReference; lastKnownFileType = text.plist.strings; name = cs; path = AppiraterLocalizable.strings; sourceTree = "<group>"; };
		0B551A1E17D3C73200C9064D /* da */ = {isa = PBXFileReference; lastKnownFileType = text.plist.strings; name = da; path = AppiraterLocalizable.strings; sourceTree = "<group>"; };
		0B551A2117D3C73200C9064D /* de */ = {isa = PBXFileReference; lastKnownFileType = text.plist.strings; name = de; path = AppiraterLocalizable.strings; sourceTree = "<group>"; };
		0B551A2417D3C73200C9064D /* el */ = {isa = PBXFileReference; lastKnownFileType = text.plist.strings; name = el; path = AppiraterLocalizable.strings; sourceTree = "<group>"; };
		0B551A2717D3C73200C9064D /* en */ = {isa = PBXFileReference; lastKnownFileType = text.plist.strings; name = en; path = InfoPlist.strings; sourceTree = "<group>"; };
		0B551A2917D3C73200C9064D /* en */ = {isa = PBXFileReference; lastKnownFileType = file.storyboard; name = en; path = "iOS7-MainStoryboard.storyboard"; sourceTree = "<group>"; };
		0B551A2C17D3C73200C9064D /* es */ = {isa = PBXFileReference; lastKnownFileType = text.plist.strings; name = es; path = AppiraterLocalizable.strings; sourceTree = "<group>"; };
		0B551A2F17D3C73200C9064D /* fi */ = {isa = PBXFileReference; lastKnownFileType = text.plist.strings; name = fi; path = AppiraterLocalizable.strings; sourceTree = "<group>"; };
		0B551A3217D3C73200C9064D /* fr */ = {isa = PBXFileReference; lastKnownFileType = text.plist.strings; name = fr; path = AppiraterLocalizable.strings; sourceTree = "<group>"; };
		0B551A3517D3C73200C9064D /* he */ = {isa = PBXFileReference; lastKnownFileType = text.plist.strings; name = he; path = AppiraterLocalizable.strings; sourceTree = "<group>"; };
		0B551A3817D3C73200C9064D /* hu */ = {isa = PBXFileReference; lastKnownFileType = text.plist.strings; name = hu; path = AppiraterLocalizable.strings; sourceTree = "<group>"; };
		0B551A3B17D3C73200C9064D /* id */ = {isa = PBXFileReference; lastKnownFileType = text.plist.strings; name = id; path = AppiraterLocalizable.strings; sourceTree = "<group>"; };
		0B551A3E17D3C73200C9064D /* it */ = {isa = PBXFileReference; lastKnownFileType = text.plist.strings; name = it; path = AppiraterLocalizable.strings; sourceTree = "<group>"; };
		0B551A4117D3C73200C9064D /* ja */ = {isa = PBXFileReference; lastKnownFileType = text.plist.strings; name = ja; path = AppiraterLocalizable.strings; sourceTree = "<group>"; };
		0B551A4417D3C73200C9064D /* ko */ = {isa = PBXFileReference; lastKnownFileType = text.plist.strings; name = ko; path = AppiraterLocalizable.strings; sourceTree = "<group>"; };
		0B551A5817D3C73200C9064D /* nb */ = {isa = PBXFileReference; lastKnownFileType = text.plist.strings; name = nb; path = AppiraterLocalizable.strings; sourceTree = "<group>"; };
		0B551A5B17D3C73200C9064D /* nl */ = {isa = PBXFileReference; lastKnownFileType = text.plist.strings; name = nl; path = AppiraterLocalizable.strings; sourceTree = "<group>"; };
		0B551A5E17D3C73200C9064D /* pl */ = {isa = PBXFileReference; lastKnownFileType = text.plist.strings; name = pl; path = AppiraterLocalizable.strings; sourceTree = "<group>"; };
		0B551A6117D3C73200C9064D /* pt */ = {isa = PBXFileReference; lastKnownFileType = text.plist.strings; name = pt; path = AppiraterLocalizable.strings; sourceTree = "<group>"; };
		0B551A6517D3C73200C9064D /* ro */ = {isa = PBXFileReference; lastKnownFileType = text.plist.strings; name = ro; path = AppiraterLocalizable.strings; sourceTree = "<group>"; };
		0B551A6817D3C73200C9064D /* ru */ = {isa = PBXFileReference; lastKnownFileType = text.plist.strings; name = ru; path = AppiraterLocalizable.strings; sourceTree = "<group>"; };
		0B551A6B17D3C73200C9064D /* sk */ = {isa = PBXFileReference; lastKnownFileType = text.plist.strings; name = sk; path = AppiraterLocalizable.strings; sourceTree = "<group>"; };
		0B551A6E17D3C73200C9064D /* sv */ = {isa = PBXFileReference; lastKnownFileType = text.plist.strings; name = sv; path = AppiraterLocalizable.strings; sourceTree = "<group>"; };
		0B551A7117D3C73200C9064D /* tr */ = {isa = PBXFileReference; lastKnownFileType = text.plist.strings; name = tr; path = AppiraterLocalizable.strings; sourceTree = "<group>"; };
		0B551A7417D3C73200C9064D /* zh-Hans */ = {isa = PBXFileReference; lastKnownFileType = text.plist.strings; name = "zh-Hans"; path = AppiraterLocalizable.strings; sourceTree = "<group>"; };
		0B551A7717D3C73200C9064D /* zh-Hant */ = {isa = PBXFileReference; lastKnownFileType = text.plist.strings; name = "zh-Hant"; path = AppiraterLocalizable.strings; sourceTree = "<group>"; };
		0B80E274183E7B2900AD9249 /* webcam-down.png */ = {isa = PBXFileReference; lastKnownFileType = image.png; path = "webcam-down.png"; sourceTree = "<group>"; };
		0B80E275183E7B2900AD9249 /* webcam-down@2x.png */ = {isa = PBXFileReference; lastKnownFileType = image.png; path = "webcam-down@2x.png"; sourceTree = "<group>"; };
		0B80E278183E972500AD9249 /* DWAboutViewController.h */ = {isa = PBXFileReference; fileEncoding = 4; lastKnownFileType = sourcecode.c.h; path = DWAboutViewController.h; sourceTree = "<group>"; };
		0B80E279183E972500AD9249 /* DWAboutViewController.m */ = {isa = PBXFileReference; fileEncoding = 4; lastKnownFileType = sourcecode.c.objc; path = DWAboutViewController.m; sourceTree = "<group>"; };
		0B82F2C6182ECA8D007BAEA6 /* Accelerate.framework */ = {isa = PBXFileReference; lastKnownFileType = wrapper.framework; name = Accelerate.framework; path = System/Library/Frameworks/Accelerate.framework; sourceTree = SDKROOT; };
		0B8930B917A3003C0093EDDC /* Advertising.plist */ = {isa = PBXFileReference; fileEncoding = 4; lastKnownFileType = text.plist.xml; path = Advertising.plist; sourceTree = "<group>"; };
		0B8BE871181B183100AE9B6B /* NSData+GIF.h */ = {isa = PBXFileReference; fileEncoding = 4; lastKnownFileType = sourcecode.c.h; path = "NSData+GIF.h"; sourceTree = "<group>"; };
		0B8BE872181B183100AE9B6B /* NSData+GIF.m */ = {isa = PBXFileReference; fileEncoding = 4; lastKnownFileType = sourcecode.c.objc; path = "NSData+GIF.m"; sourceTree = "<group>"; };
		0B8BE873181B183100AE9B6B /* SDImageCache.h */ = {isa = PBXFileReference; fileEncoding = 4; lastKnownFileType = sourcecode.c.h; path = SDImageCache.h; sourceTree = "<group>"; };
		0B8BE874181B183100AE9B6B /* SDImageCache.m */ = {isa = PBXFileReference; fileEncoding = 4; lastKnownFileType = sourcecode.c.objc; path = SDImageCache.m; sourceTree = "<group>"; };
		0B8BE875181B183100AE9B6B /* SDWebImageCompat.h */ = {isa = PBXFileReference; fileEncoding = 4; lastKnownFileType = sourcecode.c.h; path = SDWebImageCompat.h; sourceTree = "<group>"; };
		0B8BE876181B183100AE9B6B /* SDWebImageCompat.m */ = {isa = PBXFileReference; fileEncoding = 4; lastKnownFileType = sourcecode.c.objc; path = SDWebImageCompat.m; sourceTree = "<group>"; };
		0B8BE877181B183100AE9B6B /* SDWebImageDecoder.h */ = {isa = PBXFileReference; fileEncoding = 4; lastKnownFileType = sourcecode.c.h; path = SDWebImageDecoder.h; sourceTree = "<group>"; };
		0B8BE878181B183100AE9B6B /* SDWebImageDecoder.m */ = {isa = PBXFileReference; fileEncoding = 4; lastKnownFileType = sourcecode.c.objc; path = SDWebImageDecoder.m; sourceTree = "<group>"; };
		0B8BE879181B183100AE9B6B /* SDWebImageDownloader.h */ = {isa = PBXFileReference; fileEncoding = 4; lastKnownFileType = sourcecode.c.h; path = SDWebImageDownloader.h; sourceTree = "<group>"; };
		0B8BE87A181B183100AE9B6B /* SDWebImageDownloader.m */ = {isa = PBXFileReference; fileEncoding = 4; lastKnownFileType = sourcecode.c.objc; path = SDWebImageDownloader.m; sourceTree = "<group>"; };
		0B8BE87B181B183100AE9B6B /* SDWebImageDownloaderOperation.h */ = {isa = PBXFileReference; fileEncoding = 4; lastKnownFileType = sourcecode.c.h; path = SDWebImageDownloaderOperation.h; sourceTree = "<group>"; };
		0B8BE87C181B183100AE9B6B /* SDWebImageDownloaderOperation.m */ = {isa = PBXFileReference; fileEncoding = 4; lastKnownFileType = sourcecode.c.objc; path = SDWebImageDownloaderOperation.m; sourceTree = "<group>"; };
		0B8BE87D181B183100AE9B6B /* SDWebImageManager.h */ = {isa = PBXFileReference; fileEncoding = 4; lastKnownFileType = sourcecode.c.h; path = SDWebImageManager.h; sourceTree = "<group>"; };
		0B8BE87E181B183100AE9B6B /* SDWebImageManager.m */ = {isa = PBXFileReference; fileEncoding = 4; lastKnownFileType = sourcecode.c.objc; path = SDWebImageManager.m; sourceTree = "<group>"; };
		0B8BE87F181B183100AE9B6B /* SDWebImageOperation.h */ = {isa = PBXFileReference; fileEncoding = 4; lastKnownFileType = sourcecode.c.h; path = SDWebImageOperation.h; sourceTree = "<group>"; };
		0B8BE880181B183100AE9B6B /* SDWebImagePrefetcher.h */ = {isa = PBXFileReference; fileEncoding = 4; lastKnownFileType = sourcecode.c.h; path = SDWebImagePrefetcher.h; sourceTree = "<group>"; };
		0B8BE881181B183100AE9B6B /* SDWebImagePrefetcher.m */ = {isa = PBXFileReference; fileEncoding = 4; lastKnownFileType = sourcecode.c.objc; path = SDWebImagePrefetcher.m; sourceTree = "<group>"; };
		0B8BE882181B183100AE9B6B /* UIButton+WebCache.h */ = {isa = PBXFileReference; fileEncoding = 4; lastKnownFileType = sourcecode.c.h; path = "UIButton+WebCache.h"; sourceTree = "<group>"; };
		0B8BE883181B183100AE9B6B /* UIButton+WebCache.m */ = {isa = PBXFileReference; fileEncoding = 4; lastKnownFileType = sourcecode.c.objc; path = "UIButton+WebCache.m"; sourceTree = "<group>"; };
		0B8BE884181B183100AE9B6B /* UIImage+GIF.h */ = {isa = PBXFileReference; fileEncoding = 4; lastKnownFileType = sourcecode.c.h; path = "UIImage+GIF.h"; sourceTree = "<group>"; };
		0B8BE885181B183100AE9B6B /* UIImage+GIF.m */ = {isa = PBXFileReference; fileEncoding = 4; lastKnownFileType = sourcecode.c.objc; path = "UIImage+GIF.m"; sourceTree = "<group>"; };
		0B8BE886181B183100AE9B6B /* UIImage+MultiFormat.h */ = {isa = PBXFileReference; fileEncoding = 4; lastKnownFileType = sourcecode.c.h; path = "UIImage+MultiFormat.h"; sourceTree = "<group>"; };
		0B8BE887181B183100AE9B6B /* UIImage+MultiFormat.m */ = {isa = PBXFileReference; fileEncoding = 4; lastKnownFileType = sourcecode.c.objc; path = "UIImage+MultiFormat.m"; sourceTree = "<group>"; };
		0B8BE888181B183100AE9B6B /* UIImage+WebP.h */ = {isa = PBXFileReference; fileEncoding = 4; lastKnownFileType = sourcecode.c.h; path = "UIImage+WebP.h"; sourceTree = "<group>"; };
		0B8BE889181B183100AE9B6B /* UIImage+WebP.m */ = {isa = PBXFileReference; fileEncoding = 4; lastKnownFileType = sourcecode.c.objc; path = "UIImage+WebP.m"; sourceTree = "<group>"; };
		0B8BE88A181B183100AE9B6B /* UIImageView+WebCache.h */ = {isa = PBXFileReference; fileEncoding = 4; lastKnownFileType = sourcecode.c.h; path = "UIImageView+WebCache.h"; sourceTree = "<group>"; };
		0B8BE88B181B183100AE9B6B /* UIImageView+WebCache.m */ = {isa = PBXFileReference; fileEncoding = 4; lastKnownFileType = sourcecode.c.objc; path = "UIImageView+WebCache.m"; sourceTree = "<group>"; };
		0B8BEF65182EB60200C55F4F /* Mixpanel.h */ = {isa = PBXFileReference; fileEncoding = 4; lastKnownFileType = sourcecode.c.h; path = Mixpanel.h; sourceTree = "<group>"; };
		0B8BEF66182EB60200C55F4F /* Mixpanel.m */ = {isa = PBXFileReference; fileEncoding = 4; lastKnownFileType = sourcecode.c.objc; path = Mixpanel.m; sourceTree = "<group>"; };
		0B8BEF67182EB60200C55F4F /* MPArrowLeft.png */ = {isa = PBXFileReference; lastKnownFileType = image.png; path = MPArrowLeft.png; sourceTree = "<group>"; };
		0B8BEF68182EB60200C55F4F /* MPArrowLeft@2x.png */ = {isa = PBXFileReference; lastKnownFileType = image.png; path = "MPArrowLeft@2x.png"; sourceTree = "<group>"; };
		0B8BEF69182EB60200C55F4F /* MPArrowRight.png */ = {isa = PBXFileReference; lastKnownFileType = image.png; path = MPArrowRight.png; sourceTree = "<group>"; };
		0B8BEF6A182EB60200C55F4F /* MPArrowRight@2x.png */ = {isa = PBXFileReference; lastKnownFileType = image.png; path = "MPArrowRight@2x.png"; sourceTree = "<group>"; };
		0B8BEF6B182EB60200C55F4F /* MPCheckmark.png */ = {isa = PBXFileReference; lastKnownFileType = image.png; path = MPCheckmark.png; sourceTree = "<group>"; };
		0B8BEF6C182EB60200C55F4F /* MPCheckmark@2x.png */ = {isa = PBXFileReference; lastKnownFileType = image.png; path = "MPCheckmark@2x.png"; sourceTree = "<group>"; };
		0B8BEF6D182EB60200C55F4F /* MPDismissKeyboard.png */ = {isa = PBXFileReference; lastKnownFileType = image.png; path = MPDismissKeyboard.png; sourceTree = "<group>"; };
		0B8BEF6E182EB60200C55F4F /* MPDismissKeyboard@2x.png */ = {isa = PBXFileReference; lastKnownFileType = image.png; path = "MPDismissKeyboard@2x.png"; sourceTree = "<group>"; };
		0B8BEF6F182EB60200C55F4F /* MPLogo.png */ = {isa = PBXFileReference; lastKnownFileType = image.png; path = MPLogo.png; sourceTree = "<group>"; };
		0B8BEF70182EB60200C55F4F /* MPLogo@2x.png */ = {isa = PBXFileReference; lastKnownFileType = image.png; path = "MPLogo@2x.png"; sourceTree = "<group>"; };
		0B8BEF71182EB60200C55F4F /* MPSurvey.h */ = {isa = PBXFileReference; fileEncoding = 4; lastKnownFileType = sourcecode.c.h; path = MPSurvey.h; sourceTree = "<group>"; };
		0B8BEF72182EB60200C55F4F /* MPSurvey.m */ = {isa = PBXFileReference; fileEncoding = 4; lastKnownFileType = sourcecode.c.objc; path = MPSurvey.m; sourceTree = "<group>"; };
		0B8BEF73182EB60200C55F4F /* MPSurvey.storyboard */ = {isa = PBXFileReference; fileEncoding = 4; lastKnownFileType = file.storyboard; path = MPSurvey.storyboard; sourceTree = "<group>"; };
		0B8BEF74182EB60200C55F4F /* MPSurveyNavigationController.h */ = {isa = PBXFileReference; fileEncoding = 4; lastKnownFileType = sourcecode.c.h; path = MPSurveyNavigationController.h; sourceTree = "<group>"; };
		0B8BEF75182EB60200C55F4F /* MPSurveyNavigationController.m */ = {isa = PBXFileReference; fileEncoding = 4; lastKnownFileType = sourcecode.c.objc; path = MPSurveyNavigationController.m; sourceTree = "<group>"; };
		0B8BEF76182EB60200C55F4F /* MPSurveyQuestion.h */ = {isa = PBXFileReference; fileEncoding = 4; lastKnownFileType = sourcecode.c.h; path = MPSurveyQuestion.h; sourceTree = "<group>"; };
		0B8BEF77182EB60200C55F4F /* MPSurveyQuestion.m */ = {isa = PBXFileReference; fileEncoding = 4; lastKnownFileType = sourcecode.c.objc; path = MPSurveyQuestion.m; sourceTree = "<group>"; };
		0B8BEF78182EB60200C55F4F /* MPSurveyQuestionViewController.h */ = {isa = PBXFileReference; fileEncoding = 4; lastKnownFileType = sourcecode.c.h; path = MPSurveyQuestionViewController.h; sourceTree = "<group>"; };
		0B8BEF79182EB60200C55F4F /* MPSurveyQuestionViewController.m */ = {isa = PBXFileReference; fileEncoding = 4; lastKnownFileType = sourcecode.c.objc; path = MPSurveyQuestionViewController.m; sourceTree = "<group>"; };
		0B8BEF7A182EB60200C55F4F /* NSData+MPBase64.h */ = {isa = PBXFileReference; fileEncoding = 4; lastKnownFileType = sourcecode.c.h; path = "NSData+MPBase64.h"; sourceTree = "<group>"; };
		0B8BEF7B182EB60200C55F4F /* NSData+MPBase64.m */ = {isa = PBXFileReference; fileEncoding = 4; lastKnownFileType = sourcecode.c.objc; path = "NSData+MPBase64.m"; sourceTree = "<group>"; };
		0B8BEF7C182EB60200C55F4F /* UIImage+MPAverageColor.h */ = {isa = PBXFileReference; fileEncoding = 4; lastKnownFileType = sourcecode.c.h; path = "UIImage+MPAverageColor.h"; sourceTree = "<group>"; };
		0B8BEF7D182EB60200C55F4F /* UIImage+MPAverageColor.m */ = {isa = PBXFileReference; fileEncoding = 4; lastKnownFileType = sourcecode.c.objc; path = "UIImage+MPAverageColor.m"; sourceTree = "<group>"; };
		0B8BEF7E182EB60200C55F4F /* UIImage+MPImageEffects.h */ = {isa = PBXFileReference; fileEncoding = 4; lastKnownFileType = sourcecode.c.h; path = "UIImage+MPImageEffects.h"; sourceTree = "<group>"; };
		0B8BEF7F182EB60200C55F4F /* UIImage+MPImageEffects.m */ = {isa = PBXFileReference; fileEncoding = 4; lastKnownFileType = sourcecode.c.objc; path = "UIImage+MPImageEffects.m"; sourceTree = "<group>"; };
		0B8BEF80182EB60200C55F4F /* UIView+MPSnapshotImage.h */ = {isa = PBXFileReference; fileEncoding = 4; lastKnownFileType = sourcecode.c.h; path = "UIView+MPSnapshotImage.h"; sourceTree = "<group>"; };
		0B8BEF81182EB60200C55F4F /* UIView+MPSnapshotImage.m */ = {isa = PBXFileReference; fileEncoding = 4; lastKnownFileType = sourcecode.c.objc; path = "UIView+MPSnapshotImage.m"; sourceTree = "<group>"; };
		0B9B8F0517EA77120033BE83 /* Storyboard-iOS7.storyboard */ = {isa = PBXFileReference; fileEncoding = 4; lastKnownFileType = file.storyboard; path = "Storyboard-iOS7.storyboard"; sourceTree = "<group>"; };
		0BACAB8718411A3E001FBD3A /* DWBusinessMapViewController.h */ = {isa = PBXFileReference; fileEncoding = 4; lastKnownFileType = sourcecode.c.h; path = DWBusinessMapViewController.h; sourceTree = "<group>"; };
		0BACAB8818411A3E001FBD3A /* DWBusinessMapViewController.m */ = {isa = PBXFileReference; fileEncoding = 4; lastKnownFileType = sourcecode.c.objc; path = DWBusinessMapViewController.m; sourceTree = "<group>"; };
		0BB2CC83185CBF1C000D28E6 /* Images.xcassets */ = {isa = PBXFileReference; lastKnownFileType = folder.assetcatalog; name = Images.xcassets; path = ../downhamweb/Images.xcassets; sourceTree = "<group>"; };
		0BB2CC85185CD01C000D28E6 /* business.png */ = {isa = PBXFileReference; lastKnownFileType = image.png; path = business.png; sourceTree = "<group>"; };
		0BB2CC86185CD01C000D28E6 /* business@2x.png */ = {isa = PBXFileReference; lastKnownFileType = image.png; path = "business@2x.png"; sourceTree = "<group>"; };
		0BB2CC87185CD01C000D28E6 /* calendar.png */ = {isa = PBXFileReference; lastKnownFileType = image.png; path = calendar.png; sourceTree = "<group>"; };
		0BB2CC88185CD01C000D28E6 /* calendar@2x.png */ = {isa = PBXFileReference; lastKnownFileType = image.png; path = "calendar@2x.png"; sourceTree = "<group>"; };
		0BB2CC89185CD01C000D28E6 /* news.png */ = {isa = PBXFileReference; lastKnownFileType = image.png; path = news.png; sourceTree = "<group>"; };
		0BB2CC8A185CD01C000D28E6 /* news@2x.png */ = {isa = PBXFileReference; lastKnownFileType = image.png; path = "news@2x.png"; sourceTree = "<group>"; };
		0BB2CC8B185CD01C000D28E6 /* webcam.png */ = {isa = PBXFileReference; lastKnownFileType = image.png; path = webcam.png; sourceTree = "<group>"; };
		0BB2CC8C185CD01C000D28E6 /* webcam@2x.png */ = {isa = PBXFileReference; lastKnownFileType = image.png; path = "webcam@2x.png"; sourceTree = "<group>"; };
		0BB2CC96185CD50C000D28E6 /* Safari7@2x.png */ = {isa = PBXFileReference; lastKnownFileType = image.png; path = "Safari7@2x.png"; sourceTree = "<group>"; };
		0BB2CC97185CD50C000D28E6 /* Safari7@2x~ipad.png */ = {isa = PBXFileReference; lastKnownFileType = image.png; path = "Safari7@2x~ipad.png"; sourceTree = "<group>"; };
		0BB2CC98185CD50C000D28E6 /* Safari7~ipad.png */ = {isa = PBXFileReference; lastKnownFileType = image.png; path = "Safari7~ipad.png"; sourceTree = "<group>"; };
		0BB2CC9D185CD53E000D28E6 /* Safari7.png */ = {isa = PBXFileReference; lastKnownFileType = image.png; path = Safari7.png; sourceTree = "<group>"; };
		E1065851177A1C7000E99DF2 /* DWWebNewsViewController.h */ = {isa = PBXFileReference; fileEncoding = 4; lastKnownFileType = sourcecode.c.h; path = DWWebNewsViewController.h; sourceTree = "<group>"; };
		E1065852177A1C7000E99DF2 /* DWWebNewsViewController.m */ = {isa = PBXFileReference; fileEncoding = 4; lastKnownFileType = sourcecode.c.objc; path = DWWebNewsViewController.m; sourceTree = "<group>"; };
		E12A09DA176C0DFD00EF16E3 /* cs */ = {isa = PBXFileReference; lastKnownFileType = text.plist.strings; name = cs; path = cs.lproj/TUSafariActivity.strings; sourceTree = "<group>"; };
		E12A09DB176C0DFD00EF16E3 /* de */ = {isa = PBXFileReference; lastKnownFileType = text.plist.strings; name = de; path = de.lproj/TUSafariActivity.strings; sourceTree = "<group>"; };
		E12A09DC176C0DFD00EF16E3 /* en */ = {isa = PBXFileReference; lastKnownFileType = text.plist.strings; name = en; path = en.lproj/TUSafariActivity.strings; sourceTree = "<group>"; };
		E12A09DD176C0DFD00EF16E3 /* es */ = {isa = PBXFileReference; lastKnownFileType = text.plist.strings; name = es; path = es.lproj/TUSafariActivity.strings; sourceTree = "<group>"; };
		E12A09DE176C0DFD00EF16E3 /* eu */ = {isa = PBXFileReference; lastKnownFileType = text.plist.strings; name = eu; path = eu.lproj/TUSafariActivity.strings; sourceTree = "<group>"; };
		E12A09DF176C0DFD00EF16E3 /* fi */ = {isa = PBXFileReference; lastKnownFileType = text.plist.strings; name = fi; path = fi.lproj/TUSafariActivity.strings; sourceTree = "<group>"; };
		E12A09E0176C0DFD00EF16E3 /* fr */ = {isa = PBXFileReference; lastKnownFileType = text.plist.strings; name = fr; path = fr.lproj/TUSafariActivity.strings; sourceTree = "<group>"; };
		E12A09E1176C0DFD00EF16E3 /* it */ = {isa = PBXFileReference; lastKnownFileType = text.plist.strings; name = it; path = it.lproj/TUSafariActivity.strings; sourceTree = "<group>"; };
		E12A09E2176C0DFD00EF16E3 /* ja */ = {isa = PBXFileReference; lastKnownFileType = text.plist.strings; name = ja; path = ja.lproj/TUSafariActivity.strings; sourceTree = "<group>"; };
		E12A09E3176C0DFD00EF16E3 /* ko */ = {isa = PBXFileReference; lastKnownFileType = text.plist.strings; name = ko; path = ko.lproj/TUSafariActivity.strings; sourceTree = "<group>"; };
		E12A09E4176C0DFD00EF16E3 /* nl */ = {isa = PBXFileReference; lastKnownFileType = text.plist.strings; name = nl; path = nl.lproj/TUSafariActivity.strings; sourceTree = "<group>"; };
		E12A09E5176C0DFD00EF16E3 /* no */ = {isa = PBXFileReference; lastKnownFileType = text.plist.strings; name = no; path = no.lproj/TUSafariActivity.strings; sourceTree = "<group>"; };
		E12A09E6176C0DFD00EF16E3 /* pl */ = {isa = PBXFileReference; lastKnownFileType = text.plist.strings; name = pl; path = pl.lproj/TUSafariActivity.strings; sourceTree = "<group>"; };
		E12A09E7176C0DFD00EF16E3 /* pt */ = {isa = PBXFileReference; lastKnownFileType = text.plist.strings; name = pt; path = pt.lproj/TUSafariActivity.strings; sourceTree = "<group>"; };
		E12A09E8176C0DFD00EF16E3 /* ru */ = {isa = PBXFileReference; lastKnownFileType = text.plist.strings; name = ru; path = ru.lproj/TUSafariActivity.strings; sourceTree = "<group>"; };
		E12A09E9176C0DFD00EF16E3 /* Safari.png */ = {isa = PBXFileReference; lastKnownFileType = image.png; path = Safari.png; sourceTree = "<group>"; };
		E12A09EA176C0DFD00EF16E3 /* Safari@2x.png */ = {isa = PBXFileReference; lastKnownFileType = image.png; path = "Safari@2x.png"; sourceTree = "<group>"; };
		E12A09EB176C0DFD00EF16E3 /* Safari@2x~ipad.png */ = {isa = PBXFileReference; lastKnownFileType = image.png; path = "Safari@2x~ipad.png"; sourceTree = "<group>"; };
		E12A09EC176C0DFD00EF16E3 /* Safari~ipad.png */ = {isa = PBXFileReference; lastKnownFileType = image.png; path = "Safari~ipad.png"; sourceTree = "<group>"; };
		E12A09ED176C0DFD00EF16E3 /* sk */ = {isa = PBXFileReference; lastKnownFileType = text.plist.strings; name = sk; path = sk.lproj/TUSafariActivity.strings; sourceTree = "<group>"; };
		E12A09EE176C0DFD00EF16E3 /* sv */ = {isa = PBXFileReference; lastKnownFileType = text.plist.strings; name = sv; path = sv.lproj/TUSafariActivity.strings; sourceTree = "<group>"; };
		E12A09EF176C0DFD00EF16E3 /* TUSafariActivity.h */ = {isa = PBXFileReference; fileEncoding = 4; lastKnownFileType = sourcecode.c.h; path = TUSafariActivity.h; sourceTree = "<group>"; };
		E12A09F0176C0DFD00EF16E3 /* TUSafariActivity.m */ = {isa = PBXFileReference; fileEncoding = 4; lastKnownFileType = sourcecode.c.objc; path = TUSafariActivity.m; sourceTree = "<group>"; };
		E12A09F1176C0DFD00EF16E3 /* vi */ = {isa = PBXFileReference; lastKnownFileType = text.plist.strings; name = vi; path = vi.lproj/TUSafariActivity.strings; sourceTree = "<group>"; };
		E12A09F2176C0DFD00EF16E3 /* zh_CN */ = {isa = PBXFileReference; lastKnownFileType = text.plist.strings; name = zh_CN; path = zh_CN.lproj/TUSafariActivity.strings; sourceTree = "<group>"; };
		E12A09FA176C0E1E00EF16E3 /* ARChromeActivity.h */ = {isa = PBXFileReference; fileEncoding = 4; lastKnownFileType = sourcecode.c.h; path = ARChromeActivity.h; sourceTree = "<group>"; };
		E12A09FB176C0E1E00EF16E3 /* ARChromeActivity.m */ = {isa = PBXFileReference; fileEncoding = 4; lastKnownFileType = sourcecode.c.objc; path = ARChromeActivity.m; sourceTree = "<group>"; };
		E12A09FC176C0E1E00EF16E3 /* ARChromeActivity.png */ = {isa = PBXFileReference; lastKnownFileType = image.png; path = ARChromeActivity.png; sourceTree = "<group>"; };
		E12A09FD176C0E1E00EF16E3 /* ARChromeActivity@2x.png */ = {isa = PBXFileReference; lastKnownFileType = image.png; path = "ARChromeActivity@2x.png"; sourceTree = "<group>"; };
		E12A09FE176C0E1E00EF16E3 /* ARChromeActivity@2x~ipad.png */ = {isa = PBXFileReference; lastKnownFileType = image.png; path = "ARChromeActivity@2x~ipad.png"; sourceTree = "<group>"; };
		E12A09FF176C0E1E00EF16E3 /* ARChromeActivity~ipad.png */ = {isa = PBXFileReference; lastKnownFileType = image.png; path = "ARChromeActivity~ipad.png"; sourceTree = "<group>"; };
		E131D604175E341B002DA1C7 /* libz.dylib */ = {isa = PBXFileReference; lastKnownFileType = "compiled.mach-o.dylib"; name = libz.dylib; path = usr/lib/libz.dylib; sourceTree = SDKROOT; };
		E14B90191749B77400B9B971 /* downhamweb.app */ = {isa = PBXFileReference; explicitFileType = wrapper.application; includeInIndex = 0; path = downhamweb.app; sourceTree = BUILT_PRODUCTS_DIR; };
		E14B901C1749B77400B9B971 /* UIKit.framework */ = {isa = PBXFileReference; lastKnownFileType = wrapper.framework; name = UIKit.framework; path = System/Library/Frameworks/UIKit.framework; sourceTree = SDKROOT; };
		E14B901E1749B77400B9B971 /* Foundation.framework */ = {isa = PBXFileReference; lastKnownFileType = wrapper.framework; name = Foundation.framework; path = System/Library/Frameworks/Foundation.framework; sourceTree = SDKROOT; };
		E14B90201749B77400B9B971 /* CoreGraphics.framework */ = {isa = PBXFileReference; lastKnownFileType = wrapper.framework; name = CoreGraphics.framework; path = System/Library/Frameworks/CoreGraphics.framework; sourceTree = SDKROOT; };
		E14B90241749B77400B9B971 /* DownhamWeb-Info.plist */ = {isa = PBXFileReference; lastKnownFileType = text.plist.xml; path = "DownhamWeb-Info.plist"; sourceTree = "<group>"; };
		E14B90261749B77400B9B971 /* en */ = {isa = PBXFileReference; lastKnownFileType = text.plist.strings; name = en; path = en.lproj/InfoPlist.strings; sourceTree = "<group>"; };
		E14B90281749B77400B9B971 /* main.m */ = {isa = PBXFileReference; lastKnownFileType = sourcecode.c.objc; path = main.m; sourceTree = "<group>"; };
		E14B902A1749B77400B9B971 /* DownhamWeb-Prefix.pch */ = {isa = PBXFileReference; lastKnownFileType = sourcecode.c.h; path = "DownhamWeb-Prefix.pch"; sourceTree = "<group>"; };
		E14B902B1749B77400B9B971 /* DWAppDelegate.h */ = {isa = PBXFileReference; lastKnownFileType = sourcecode.c.h; path = DWAppDelegate.h; sourceTree = "<group>"; };
		E14B902C1749B77400B9B971 /* DWAppDelegate.m */ = {isa = PBXFileReference; lastKnownFileType = sourcecode.c.objc; path = DWAppDelegate.m; sourceTree = "<group>"; };
		E14B90561749B8D700B9B971 /* ImageIO.framework */ = {isa = PBXFileReference; lastKnownFileType = wrapper.framework; name = ImageIO.framework; path = System/Library/Frameworks/ImageIO.framework; sourceTree = SDKROOT; };
		E14B90581749B9ED00B9B971 /* DWWebcamViewController.h */ = {isa = PBXFileReference; fileEncoding = 4; lastKnownFileType = sourcecode.c.h; path = DWWebcamViewController.h; sourceTree = "<group>"; };
		E14B90591749B9ED00B9B971 /* DWWebcamViewController.m */ = {isa = PBXFileReference; fileEncoding = 4; lastKnownFileType = sourcecode.c.objc; path = DWWebcamViewController.m; sourceTree = "<group>"; };
		E14B907A1749D03F00B9B971 /* SMXMLDocument.h */ = {isa = PBXFileReference; fileEncoding = 4; lastKnownFileType = sourcecode.c.h; name = SMXMLDocument.h; path = xmldocument/SMXMLDocument.h; sourceTree = SOURCE_ROOT; };
		E14B907B1749D03F00B9B971 /* SMXMLDocument.m */ = {isa = PBXFileReference; fileEncoding = 4; lastKnownFileType = sourcecode.c.objc; name = SMXMLDocument.m; path = xmldocument/SMXMLDocument.m; sourceTree = SOURCE_ROOT; };
		E14B907D1749D2D800B9B971 /* DWNewsViewController.h */ = {isa = PBXFileReference; fileEncoding = 4; lastKnownFileType = sourcecode.c.h; path = DWNewsViewController.h; sourceTree = "<group>"; };
		E14B907E1749D2D800B9B971 /* DWNewsViewController.m */ = {isa = PBXFileReference; fileEncoding = 4; lastKnownFileType = sourcecode.c.objc; path = DWNewsViewController.m; sourceTree = "<group>"; };
		E1502169176251D5008D5BC3 /* tabbar.png */ = {isa = PBXFileReference; lastKnownFileType = image.png; path = tabbar.png; sourceTree = "<group>"; };
		E150216A176251D5008D5BC3 /* tabbar@2x.png */ = {isa = PBXFileReference; lastKnownFileType = image.png; path = "tabbar@2x.png"; sourceTree = "<group>"; };
		E15021761762824A008D5BC3 /* CoreImage.framework */ = {isa = PBXFileReference; lastKnownFileType = wrapper.framework; name = CoreImage.framework; path = System/Library/Frameworks/CoreImage.framework; sourceTree = SDKROOT; };
		E159D6FD175BEDF400104922 /* site-logo@2x.png */ = {isa = PBXFileReference; lastKnownFileType = image.png; path = "site-logo@2x.png"; sourceTree = "<group>"; };
		E18B68781758F63F00B13E11 /* iAd.framework */ = {isa = PBXFileReference; lastKnownFileType = wrapper.framework; name = iAd.framework; path = System/Library/Frameworks/iAd.framework; sourceTree = SDKROOT; };
		E1982BAC1770C452007BCF3A /* dw114.png */ = {isa = PBXFileReference; lastKnownFileType = image.png; path = dw114.png; sourceTree = "<group>"; };
		E1A4B0981749E0770003AFA6 /* site-logo.png */ = {isa = PBXFileReference; lastKnownFileType = image.png; path = "site-logo.png"; sourceTree = "<group>"; };
		E1A4B0FE174B1D490003AFA6 /* MapKit.framework */ = {isa = PBXFileReference; lastKnownFileType = wrapper.framework; name = MapKit.framework; path = System/Library/Frameworks/MapKit.framework; sourceTree = SDKROOT; };
		E1A4B100174B1D500003AFA6 /* QuartzCore.framework */ = {isa = PBXFileReference; lastKnownFileType = wrapper.framework; name = QuartzCore.framework; path = System/Library/Frameworks/QuartzCore.framework; sourceTree = SDKROOT; };
		E1A4B102174B1DB00003AFA6 /* DWCalendarViewController.h */ = {isa = PBXFileReference; fileEncoding = 4; lastKnownFileType = sourcecode.c.h; path = DWCalendarViewController.h; sourceTree = "<group>"; };
		E1A4B103174B1DB00003AFA6 /* DWCalendarViewController.m */ = {isa = PBXFileReference; fileEncoding = 4; lastKnownFileType = sourcecode.c.objc; path = DWCalendarViewController.m; sourceTree = "<group>"; };
		E1FBDE83174BC21A002A2C48 /* GoogCal.h */ = {isa = PBXFileReference; fileEncoding = 4; lastKnownFileType = sourcecode.c.h; name = GoogCal.h; path = Calendar/GoogCal.h; sourceTree = "<group>"; };
		E1FBDE84174BC21A002A2C48 /* GoogCal.m */ = {isa = PBXFileReference; fileEncoding = 4; lastKnownFileType = sourcecode.c.objc; name = GoogCal.m; path = Calendar/GoogCal.m; sourceTree = "<group>"; };
		E1FBDE85174BC21A002A2C48 /* ISO8601DateFormatter.h */ = {isa = PBXFileReference; fileEncoding = 4; lastKnownFileType = sourcecode.c.h; name = ISO8601DateFormatter.h; path = Calendar/ISO8601DateFormatter.h; sourceTree = "<group>"; };
		E1FBDE86174BC21A002A2C48 /* ISO8601DateFormatter.m */ = {isa = PBXFileReference; fileEncoding = 4; lastKnownFileType = sourcecode.c.objc; name = ISO8601DateFormatter.m; path = Calendar/ISO8601DateFormatter.m; sourceTree = "<group>"; };
		E1FBDE89174BC435002A2C48 /* EventKit.framework */ = {isa = PBXFileReference; lastKnownFileType = wrapper.framework; name = EventKit.framework; path = System/Library/Frameworks/EventKit.framework; sourceTree = SDKROOT; };
		E1FBDE8D174BD0DD002A2C48 /* DWEventDetailsViewController.h */ = {isa = PBXFileReference; fileEncoding = 4; lastKnownFileType = sourcecode.c.h; path = DWEventDetailsViewController.h; sourceTree = "<group>"; };
		E1FBDE8E174BD0DD002A2C48 /* DWEventDetailsViewController.m */ = {isa = PBXFileReference; fileEncoding = 4; lastKnownFileType = sourcecode.c.objc; path = DWEventDetailsViewController.m; sourceTree = "<group>"; };
/* End PBXFileReference section */

/* Begin PBXFrameworksBuildPhase section */
		E14B90161749B77400B9B971 /* Frameworks */ = {
			isa = PBXFrameworksBuildPhase;
			buildActionMask = 2147483647;
			files = (
				0B52573B185386B200DDE27E /* AddressBook.framework in Frameworks */,
				0BB38745183BD341008A8B05 /* MapKit.framework in Frameworks */,
				0B82F2C7182ECA8D007BAEA6 /* Accelerate.framework in Frameworks */,
				E15021771762824A008D5BC3 /* CoreImage.framework in Frameworks */,
				0B2BE75317EB2CAB00949B6D /* StoreKit.framework in Frameworks */,
				0B20652517C7BFEF009078AD /* AdSupport.framework in Frameworks */,
				0B20652317C7BFEB009078AD /* CoreTelephony.framework in Frameworks */,
				0B20652117C7BFE0009078AD /* SystemConfiguration.framework in Frameworks */,
				E131D605175E341B002DA1C7 /* libz.dylib in Frameworks */,
				E1FBDE8A174BC435002A2C48 /* EventKit.framework in Frameworks */,
				E1A4B101174B1D500003AFA6 /* QuartzCore.framework in Frameworks */,
				E14B90571749B8D700B9B971 /* ImageIO.framework in Frameworks */,
				E14B901D1749B77400B9B971 /* UIKit.framework in Frameworks */,
				E14B901F1749B77400B9B971 /* Foundation.framework in Frameworks */,
				E14B90211749B77400B9B971 /* CoreGraphics.framework in Frameworks */,
				0B15A90E17D3854800CE842D /* libTestFlight.a in Frameworks */,
			);
			runOnlyForDeploymentPostprocessing = 0;
		};
/* End PBXFrameworksBuildPhase section */

/* Begin PBXGroup section */
		0B1FB4FA17D4C522001D868C /* Core */ = {
			isa = PBXGroup;
			children = (
				0B1FB4F917D4C51D001D868C /* DWCore.h */,
				0B466A82185CD8870047B3C8 /* DWColour.h */,
				0B466A83185CD8870047B3C8 /* DWColour.m */,
				0B1FB4FE17D4C6AD001D868C /* DWViewController.h */,
				0B1FB4FF17D4C6AD001D868C /* DWViewController.m */,
				0B466A84185CD8870047B3C8 /* DWTableViewController.h */,
				0B466A85185CD8870047B3C8 /* DWTableViewController.m */,
			);
			name = Core;
			sourceTree = "<group>";
		};
		0B3C7ED817F72EAC0056F93B /* Webcam */ = {
			isa = PBXGroup;
			children = (
				E14B90581749B9ED00B9B971 /* DWWebcamViewController.h */,
				E14B90591749B9ED00B9B971 /* DWWebcamViewController.m */,
				0B8930B917A3003C0093EDDC /* Advertising.plist */,
				0B80E278183E972500AD9249 /* DWAboutViewController.h */,
				0B80E279183E972500AD9249 /* DWAboutViewController.m */,
			);
			name = Webcam;
			sourceTree = "<group>";
		};
		0B3C7EDB17F72EB60056F93B /* News */ = {
			isa = PBXGroup;
			children = (
				E14B907D1749D2D800B9B971 /* DWNewsViewController.h */,
				E14B907E1749D2D800B9B971 /* DWNewsViewController.m */,
				E1065851177A1C7000E99DF2 /* DWWebNewsViewController.h */,
				E1065852177A1C7000E99DF2 /* DWWebNewsViewController.m */,
			);
			name = News;
			sourceTree = "<group>";
		};
		0B3C7EDC17F72EBF0056F93B /* Calendar */ = {
			isa = PBXGroup;
			children = (
				E1A4B102174B1DB00003AFA6 /* DWCalendarViewController.h */,
				E1A4B103174B1DB00003AFA6 /* DWCalendarViewController.m */,
				E1FBDE8D174BD0DD002A2C48 /* DWEventDetailsViewController.h */,
				E1FBDE8E174BD0DD002A2C48 /* DWEventDetailsViewController.m */,
			);
			name = Calendar;
			sourceTree = "<group>";
		};
		0B551A0A17D3C68000C9064D /* App-rater */ = {
			isa = PBXGroup;
			children = (
				0B551A0D17D3C73200C9064D /* Appirater.h */,
				0B551A0E17D3C73200C9064D /* Appirater.m */,
				0B551A1017D3C73200C9064D /* AppiraterDelegate.h */,
				0B551A1117D3C73200C9064D /* ca.lproj */,
				0B551A1917D3C73200C9064D /* cs.lproj */,
				0B551A1C17D3C73200C9064D /* da.lproj */,
				0B551A1F17D3C73200C9064D /* de.lproj */,
				0B551A2217D3C73200C9064D /* el.lproj */,
				0B551A2517D3C73200C9064D /* en.lproj */,
				0B551A2A17D3C73200C9064D /* es.lproj */,
				0B551A2D17D3C73200C9064D /* fi.lproj */,
				0B551A3017D3C73200C9064D /* fr.lproj */,
				0B551A3317D3C73200C9064D /* he.lproj */,
				0B551A3617D3C73200C9064D /* hu.lproj */,
				0B551A3917D3C73200C9064D /* id.lproj */,
				0B551A3C17D3C73200C9064D /* it.lproj */,
				0B551A3F17D3C73200C9064D /* ja.lproj */,
				0B551A4217D3C73200C9064D /* ko.lproj */,
				0B551A5617D3C73200C9064D /* nb.lproj */,
				0B551A5917D3C73200C9064D /* nl.lproj */,
				0B551A5C17D3C73200C9064D /* pl.lproj */,
				0B551A5F17D3C73200C9064D /* pt.lproj */,
				0B551A6317D3C73200C9064D /* ro.lproj */,
				0B551A6617D3C73200C9064D /* ru.lproj */,
				0B551A6917D3C73200C9064D /* sk.lproj */,
				0B551A6C17D3C73200C9064D /* sv.lproj */,
				0B551A6F17D3C73200C9064D /* tr.lproj */,
				0B551A7217D3C73200C9064D /* zh-Hans.lproj */,
				0B551A7517D3C73200C9064D /* zh-Hant.lproj */,
			);
			name = "App-rater";
			sourceTree = "<group>";
		};
		0B551A1117D3C73200C9064D /* ca.lproj */ = {
			isa = PBXGroup;
			children = (
				0B551A1217D3C73200C9064D /* AppiraterLocalizable.strings */,
			);
			path = ca.lproj;
			sourceTree = "<group>";
		};
		0B551A1417D3C73200C9064D /* Calendar */ = {
			isa = PBXGroup;
			children = (
				0B551A1517D3C73200C9064D /* GoogCal.h */,
				0B551A1617D3C73200C9064D /* GoogCal.m */,
				0B551A1717D3C73200C9064D /* ISO8601DateFormatter.h */,
				0B551A1817D3C73200C9064D /* ISO8601DateFormatter.m */,
			);
			path = Calendar;
			sourceTree = "<group>";
		};
		0B551A1917D3C73200C9064D /* cs.lproj */ = {
			isa = PBXGroup;
			children = (
				0B551A1A17D3C73200C9064D /* AppiraterLocalizable.strings */,
			);
			path = cs.lproj;
			sourceTree = "<group>";
		};
		0B551A1C17D3C73200C9064D /* da.lproj */ = {
			isa = PBXGroup;
			children = (
				0B551A1D17D3C73200C9064D /* AppiraterLocalizable.strings */,
			);
			path = da.lproj;
			sourceTree = "<group>";
		};
		0B551A1F17D3C73200C9064D /* de.lproj */ = {
			isa = PBXGroup;
			children = (
				0B551A2017D3C73200C9064D /* AppiraterLocalizable.strings */,
			);
			path = de.lproj;
			sourceTree = "<group>";
		};
		0B551A2217D3C73200C9064D /* el.lproj */ = {
			isa = PBXGroup;
			children = (
				0B551A2317D3C73200C9064D /* AppiraterLocalizable.strings */,
			);
			path = el.lproj;
			sourceTree = "<group>";
		};
		0B551A2517D3C73200C9064D /* en.lproj */ = {
			isa = PBXGroup;
			children = (
				0B551A2617D3C73200C9064D /* InfoPlist.strings */,
				0B551A2817D3C73200C9064D /* iOS7-MainStoryboard.storyboard */,
			);
			path = en.lproj;
			sourceTree = "<group>";
		};
		0B551A2A17D3C73200C9064D /* es.lproj */ = {
			isa = PBXGroup;
			children = (
				0B551A2B17D3C73200C9064D /* AppiraterLocalizable.strings */,
			);
			path = es.lproj;
			sourceTree = "<group>";
		};
		0B551A2D17D3C73200C9064D /* fi.lproj */ = {
			isa = PBXGroup;
			children = (
				0B551A2E17D3C73200C9064D /* AppiraterLocalizable.strings */,
			);
			path = fi.lproj;
			sourceTree = "<group>";
		};
		0B551A3017D3C73200C9064D /* fr.lproj */ = {
			isa = PBXGroup;
			children = (
				0B551A3117D3C73200C9064D /* AppiraterLocalizable.strings */,
			);
			path = fr.lproj;
			sourceTree = "<group>";
		};
		0B551A3317D3C73200C9064D /* he.lproj */ = {
			isa = PBXGroup;
			children = (
				0B551A3417D3C73200C9064D /* AppiraterLocalizable.strings */,
			);
			path = he.lproj;
			sourceTree = "<group>";
		};
		0B551A3617D3C73200C9064D /* hu.lproj */ = {
			isa = PBXGroup;
			children = (
				0B551A3717D3C73200C9064D /* AppiraterLocalizable.strings */,
			);
			path = hu.lproj;
			sourceTree = "<group>";
		};
		0B551A3917D3C73200C9064D /* id.lproj */ = {
			isa = PBXGroup;
			children = (
				0B551A3A17D3C73200C9064D /* AppiraterLocalizable.strings */,
			);
			path = id.lproj;
			sourceTree = "<group>";
		};
		0B551A3C17D3C73200C9064D /* it.lproj */ = {
			isa = PBXGroup;
			children = (
				0B551A3D17D3C73200C9064D /* AppiraterLocalizable.strings */,
			);
			path = it.lproj;
			sourceTree = "<group>";
		};
		0B551A3F17D3C73200C9064D /* ja.lproj */ = {
			isa = PBXGroup;
			children = (
				0B551A4017D3C73200C9064D /* AppiraterLocalizable.strings */,
			);
			path = ja.lproj;
			sourceTree = "<group>";
		};
		0B551A4217D3C73200C9064D /* ko.lproj */ = {
			isa = PBXGroup;
			children = (
				0B551A4317D3C73200C9064D /* AppiraterLocalizable.strings */,
			);
			path = ko.lproj;
			sourceTree = "<group>";
		};
		0B551A5617D3C73200C9064D /* nb.lproj */ = {
			isa = PBXGroup;
			children = (
				0B551A5717D3C73200C9064D /* AppiraterLocalizable.strings */,
			);
			path = nb.lproj;
			sourceTree = "<group>";
		};
		0B551A5917D3C73200C9064D /* nl.lproj */ = {
			isa = PBXGroup;
			children = (
				0B551A5A17D3C73200C9064D /* AppiraterLocalizable.strings */,
			);
			path = nl.lproj;
			sourceTree = "<group>";
		};
		0B551A5C17D3C73200C9064D /* pl.lproj */ = {
			isa = PBXGroup;
			children = (
				0B551A5D17D3C73200C9064D /* AppiraterLocalizable.strings */,
			);
			path = pl.lproj;
			sourceTree = "<group>";
		};
		0B551A5F17D3C73200C9064D /* pt.lproj */ = {
			isa = PBXGroup;
			children = (
				0B551A6017D3C73200C9064D /* AppiraterLocalizable.strings */,
			);
			path = pt.lproj;
			sourceTree = "<group>";
		};
		0B551A6317D3C73200C9064D /* ro.lproj */ = {
			isa = PBXGroup;
			children = (
				0B551A6417D3C73200C9064D /* AppiraterLocalizable.strings */,
			);
			path = ro.lproj;
			sourceTree = "<group>";
		};
		0B551A6617D3C73200C9064D /* ru.lproj */ = {
			isa = PBXGroup;
			children = (
				0B551A6717D3C73200C9064D /* AppiraterLocalizable.strings */,
			);
			path = ru.lproj;
			sourceTree = "<group>";
		};
		0B551A6917D3C73200C9064D /* sk.lproj */ = {
			isa = PBXGroup;
			children = (
				0B551A6A17D3C73200C9064D /* AppiraterLocalizable.strings */,
			);
			path = sk.lproj;
			sourceTree = "<group>";
		};
		0B551A6C17D3C73200C9064D /* sv.lproj */ = {
			isa = PBXGroup;
			children = (
				0B551A6D17D3C73200C9064D /* AppiraterLocalizable.strings */,
			);
			path = sv.lproj;
			sourceTree = "<group>";
		};
		0B551A6F17D3C73200C9064D /* tr.lproj */ = {
			isa = PBXGroup;
			children = (
				0B551A7017D3C73200C9064D /* AppiraterLocalizable.strings */,
			);
			path = tr.lproj;
			sourceTree = "<group>";
		};
		0B551A7217D3C73200C9064D /* zh-Hans.lproj */ = {
			isa = PBXGroup;
			children = (
				0B551A7317D3C73200C9064D /* AppiraterLocalizable.strings */,
			);
			path = "zh-Hans.lproj";
			sourceTree = "<group>";
		};
		0B551A7517D3C73200C9064D /* zh-Hant.lproj */ = {
			isa = PBXGroup;
			children = (
				0B551A7617D3C73200C9064D /* AppiraterLocalizable.strings */,
			);
			path = "zh-Hant.lproj";
			sourceTree = "<group>";
		};
		0B8BE86C181B183100AE9B6B /* SDWebImage */ = {
			isa = PBXGroup;
			children = (
				0B8BE871181B183100AE9B6B /* NSData+GIF.h */,
				0B8BE872181B183100AE9B6B /* NSData+GIF.m */,
				0B8BE873181B183100AE9B6B /* SDImageCache.h */,
				0B8BE874181B183100AE9B6B /* SDImageCache.m */,
				0B8BE875181B183100AE9B6B /* SDWebImageCompat.h */,
				0B8BE876181B183100AE9B6B /* SDWebImageCompat.m */,
				0B8BE877181B183100AE9B6B /* SDWebImageDecoder.h */,
				0B8BE878181B183100AE9B6B /* SDWebImageDecoder.m */,
				0B8BE879181B183100AE9B6B /* SDWebImageDownloader.h */,
				0B8BE87A181B183100AE9B6B /* SDWebImageDownloader.m */,
				0B8BE87B181B183100AE9B6B /* SDWebImageDownloaderOperation.h */,
				0B8BE87C181B183100AE9B6B /* SDWebImageDownloaderOperation.m */,
				0B8BE87D181B183100AE9B6B /* SDWebImageManager.h */,
				0B8BE87E181B183100AE9B6B /* SDWebImageManager.m */,
				0B8BE87F181B183100AE9B6B /* SDWebImageOperation.h */,
				0B8BE880181B183100AE9B6B /* SDWebImagePrefetcher.h */,
				0B8BE881181B183100AE9B6B /* SDWebImagePrefetcher.m */,
				0B8BE882181B183100AE9B6B /* UIButton+WebCache.h */,
				0B8BE883181B183100AE9B6B /* UIButton+WebCache.m */,
				0B8BE884181B183100AE9B6B /* UIImage+GIF.h */,
				0B8BE885181B183100AE9B6B /* UIImage+GIF.m */,
				0B8BE886181B183100AE9B6B /* UIImage+MultiFormat.h */,
				0B8BE887181B183100AE9B6B /* UIImage+MultiFormat.m */,
				0B8BE888181B183100AE9B6B /* UIImage+WebP.h */,
				0B8BE889181B183100AE9B6B /* UIImage+WebP.m */,
				0B8BE88A181B183100AE9B6B /* UIImageView+WebCache.h */,
				0B8BE88B181B183100AE9B6B /* UIImageView+WebCache.m */,
			);
			name = SDWebImage;
			path = ../SDWebImage;
			sourceTree = "<group>";
		};
		0B8BEF64182EB60200C55F4F /* Mixpanel */ = {
			isa = PBXGroup;
			children = (
				0B8BEF65182EB60200C55F4F /* Mixpanel.h */,
				0B8BEF66182EB60200C55F4F /* Mixpanel.m */,
				0B8BEF67182EB60200C55F4F /* MPArrowLeft.png */,
				0B8BEF68182EB60200C55F4F /* MPArrowLeft@2x.png */,
				0B8BEF69182EB60200C55F4F /* MPArrowRight.png */,
				0B8BEF6A182EB60200C55F4F /* MPArrowRight@2x.png */,
				0B8BEF6B182EB60200C55F4F /* MPCheckmark.png */,
				0B8BEF6C182EB60200C55F4F /* MPCheckmark@2x.png */,
				0B8BEF6D182EB60200C55F4F /* MPDismissKeyboard.png */,
				0B8BEF6E182EB60200C55F4F /* MPDismissKeyboard@2x.png */,
				0B8BEF6F182EB60200C55F4F /* MPLogo.png */,
				0B8BEF70182EB60200C55F4F /* MPLogo@2x.png */,
				0B8BEF71182EB60200C55F4F /* MPSurvey.h */,
				0B8BEF72182EB60200C55F4F /* MPSurvey.m */,
				0B8BEF73182EB60200C55F4F /* MPSurvey.storyboard */,
				0B8BEF74182EB60200C55F4F /* MPSurveyNavigationController.h */,
				0B8BEF75182EB60200C55F4F /* MPSurveyNavigationController.m */,
				0B8BEF76182EB60200C55F4F /* MPSurveyQuestion.h */,
				0B8BEF77182EB60200C55F4F /* MPSurveyQuestion.m */,
				0B8BEF78182EB60200C55F4F /* MPSurveyQuestionViewController.h */,
				0B8BEF79182EB60200C55F4F /* MPSurveyQuestionViewController.m */,
				0B8BEF7A182EB60200C55F4F /* NSData+MPBase64.h */,
				0B8BEF7B182EB60200C55F4F /* NSData+MPBase64.m */,
				0B8BEF7C182EB60200C55F4F /* UIImage+MPAverageColor.h */,
				0B8BEF7D182EB60200C55F4F /* UIImage+MPAverageColor.m */,
				0B8BEF7E182EB60200C55F4F /* UIImage+MPImageEffects.h */,
				0B8BEF7F182EB60200C55F4F /* UIImage+MPImageEffects.m */,
				0B8BEF80182EB60200C55F4F /* UIView+MPSnapshotImage.h */,
				0B8BEF81182EB60200C55F4F /* UIView+MPSnapshotImage.m */,
			);
			path = Mixpanel;
			sourceTree = "<group>";
		};
		0BB38746183BD60F008A8B05 /* Business Listings */ = {
			isa = PBXGroup;
			children = (
				0BACAB8718411A3E001FBD3A /* DWBusinessMapViewController.h */,
				0BACAB8818411A3E001FBD3A /* DWBusinessMapViewController.m */,
				0B3CF7CA184E5F5E007910CB /* DWBusinessPoint.h */,
				0B3CF7CB184E5F5E007910CB /* DWBusinessPoint.m */,
				0B3CF7CD184E611F007910CB /* DWBusinessListingViewController.h */,
				0B3CF7CE184E611F007910CB /* DWBusinessListingViewController.m */,
				0B3CF7D0184E6C3D007910CB /* Businesses.plist */,
				0B466A7F185CD8670047B3C8 /* DWBusinessCategoryViewController.h */,
				0B466A80185CD8670047B3C8 /* DWBusinessCategoryViewController.m */,
			);
			name = "Business Listings";
			sourceTree = "<group>";
		};
		E12A09D2176C0D7A00EF16E3 /* UIActivities */ = {
			isa = PBXGroup;
			children = (
				E12A09F9176C0E1E00EF16E3 /* ARChromeActivity */,
				E12A09D8176C0DFD00EF16E3 /* TUSafariActivity */,
			);
			name = UIActivities;
			sourceTree = "<group>";
		};
		E12A09D8176C0DFD00EF16E3 /* TUSafariActivity */ = {
			isa = PBXGroup;
			children = (
				0BB2CC9D185CD53E000D28E6 /* Safari7.png */,
				0BB2CC96185CD50C000D28E6 /* Safari7@2x.png */,
				0BB2CC97185CD50C000D28E6 /* Safari7@2x~ipad.png */,
				0BB2CC98185CD50C000D28E6 /* Safari7~ipad.png */,
				E12A09D9176C0DFD00EF16E3 /* TUSafariActivity.strings */,
				E12A09E9176C0DFD00EF16E3 /* Safari.png */,
				E12A09EA176C0DFD00EF16E3 /* Safari@2x.png */,
				E12A09EB176C0DFD00EF16E3 /* Safari@2x~ipad.png */,
				E12A09EC176C0DFD00EF16E3 /* Safari~ipad.png */,
				E12A09EF176C0DFD00EF16E3 /* TUSafariActivity.h */,
				E12A09F0176C0DFD00EF16E3 /* TUSafariActivity.m */,
			);
			path = TUSafariActivity;
			sourceTree = SOURCE_ROOT;
		};
		E12A09F9176C0E1E00EF16E3 /* ARChromeActivity */ = {
			isa = PBXGroup;
			children = (
				E12A09FA176C0E1E00EF16E3 /* ARChromeActivity.h */,
				E12A09FB176C0E1E00EF16E3 /* ARChromeActivity.m */,
				E12A09FC176C0E1E00EF16E3 /* ARChromeActivity.png */,
				E12A09FD176C0E1E00EF16E3 /* ARChromeActivity@2x.png */,
				E12A09FE176C0E1E00EF16E3 /* ARChromeActivity@2x~ipad.png */,
				E12A09FF176C0E1E00EF16E3 /* ARChromeActivity~ipad.png */,
			);
			path = ARChromeActivity;
			sourceTree = SOURCE_ROOT;
		};
		E131D600175E329A002DA1C7 /* TestFlight */ = {
			isa = PBXGroup;
			children = (
				0B15A90A17D3854800CE842D /* libTestFlight.a */,
				0B15A90B17D3854800CE842D /* TestFlight.h */,
				0B15A90C17D3854800CE842D /* TestFlight+AsyncLogging.h */,
				0B15A90D17D3854800CE842D /* TestFlight+ManualSessions.h */,
				E131D604175E341B002DA1C7 /* libz.dylib */,
			);
			name = TestFlight;
			sourceTree = "<group>";
		};
		E14B90101749B77400B9B971 = {
			isa = PBXGroup;
			children = (
				E14B904B1749B86B00B9B971 /* Libs */,
				E14B90221749B77400B9B971 /* DownhamWeb */,
				E14B90631749C4B100B9B971 /* Images */,
				E14B901B1749B77400B9B971 /* Frameworks */,
				E14B901A1749B77400B9B971 /* Products */,
			);
			sourceTree = "<group>";
		};
		E14B901A1749B77400B9B971 /* Products */ = {
			isa = PBXGroup;
			children = (
				E14B90191749B77400B9B971 /* downhamweb.app */,
			);
			name = Products;
			sourceTree = "<group>";
		};
		E14B901B1749B77400B9B971 /* Frameworks */ = {
			isa = PBXGroup;
			children = (
				0B52573A185386B200DDE27E /* AddressBook.framework */,
				0B82F2C6182ECA8D007BAEA6 /* Accelerate.framework */,
				0B2BE75217EB2CAB00949B6D /* StoreKit.framework */,
				0B20652417C7BFEF009078AD /* AdSupport.framework */,
				0B20652217C7BFEB009078AD /* CoreTelephony.framework */,
				0B20652017C7BFE0009078AD /* SystemConfiguration.framework */,
				E15021761762824A008D5BC3 /* CoreImage.framework */,
				E18B68781758F63F00B13E11 /* iAd.framework */,
				E1FBDE89174BC435002A2C48 /* EventKit.framework */,
				E1A4B100174B1D500003AFA6 /* QuartzCore.framework */,
				E1A4B0FE174B1D490003AFA6 /* MapKit.framework */,
				E14B90561749B8D700B9B971 /* ImageIO.framework */,
				E14B901C1749B77400B9B971 /* UIKit.framework */,
				E14B901E1749B77400B9B971 /* Foundation.framework */,
				E14B90201749B77400B9B971 /* CoreGraphics.framework */,
			);
			name = Frameworks;
			sourceTree = "<group>";
		};
		E14B90221749B77400B9B971 /* DownhamWeb */ = {
			isa = PBXGroup;
			children = (
				E14B902B1749B77400B9B971 /* DWAppDelegate.h */,
				E14B902C1749B77400B9B971 /* DWAppDelegate.m */,
				0B9B8F0517EA77120033BE83 /* Storyboard-iOS7.storyboard */,
				0B3C7ED817F72EAC0056F93B /* Webcam */,
				0B3C7EDB17F72EB60056F93B /* News */,
				0B3C7EDC17F72EBF0056F93B /* Calendar */,
				0BB38746183BD60F008A8B05 /* Business Listings */,
				0B1FB4FA17D4C522001D868C /* Core */,
				E14B90231749B77400B9B971 /* Supporting Files */,
			);
			path = DownhamWeb;
			sourceTree = "<group>";
		};
		E14B90231749B77400B9B971 /* Supporting Files */ = {
			isa = PBXGroup;
			children = (
				E14B90241749B77400B9B971 /* DownhamWeb-Info.plist */,
				E14B90251749B77400B9B971 /* InfoPlist.strings */,
				E14B90281749B77400B9B971 /* main.m */,
				E14B902A1749B77400B9B971 /* DownhamWeb-Prefix.pch */,
			);
			name = "Supporting Files";
			sourceTree = "<group>";
		};
		E14B904B1749B86B00B9B971 /* Libs */ = {
			isa = PBXGroup;
			children = (
				0B551A1417D3C73200C9064D /* Calendar */,
				0B8BEF64182EB60200C55F4F /* Mixpanel */,
				0B8BE86C181B183100AE9B6B /* SDWebImage */,
				0B551A0A17D3C68000C9064D /* App-rater */,
				E12A09D2176C0D7A00EF16E3 /* UIActivities */,
				E131D600175E329A002DA1C7 /* TestFlight */,
				E1FBDE7F174BC1B8002A2C48 /* Calendar */,
				E1A4B09C1749F0690003AFA6 /* SMXMLDoc */,
			);
			name = Libs;
			path = DownhamWeb;
			sourceTree = "<group>";
		};
		E14B90631749C4B100B9B971 /* Images */ = {
			isa = PBXGroup;
			children = (
				0BB2CC83185CBF1C000D28E6 /* Images.xcassets */,
				0BB2CC85185CD01C000D28E6 /* business.png */,
				0BB2CC86185CD01C000D28E6 /* business@2x.png */,
				0BB2CC87185CD01C000D28E6 /* calendar.png */,
				0BB2CC88185CD01C000D28E6 /* calendar@2x.png */,
				0BB2CC89185CD01C000D28E6 /* news.png */,
				0BB2CC8A185CD01C000D28E6 /* news@2x.png */,
				0BB2CC8B185CD01C000D28E6 /* webcam.png */,
				0BB2CC8C185CD01C000D28E6 /* webcam@2x.png */,
				0B52573E185396EF00DDE27E /* wheel.png */,
				0B52573F185396EF00DDE27E /* wheel@2x.png */,
				0B80E274183E7B2900AD9249 /* webcam-down.png */,
				0B80E275183E7B2900AD9249 /* webcam-down@2x.png */,
				E1982BAC1770C452007BCF3A /* dw114.png */,
				E1502169176251D5008D5BC3 /* tabbar.png */,
				E150216A176251D5008D5BC3 /* tabbar@2x.png */,
				E1A4B0981749E0770003AFA6 /* site-logo.png */,
				E159D6FD175BEDF400104922 /* site-logo@2x.png */,
			);
			name = Images;
			path = DownhamWeb;
			sourceTree = "<group>";
		};
		E1A4B09C1749F0690003AFA6 /* SMXMLDoc */ = {
			isa = PBXGroup;
			children = (
				E14B907A1749D03F00B9B971 /* SMXMLDocument.h */,
				E14B907B1749D03F00B9B971 /* SMXMLDocument.m */,
			);
			name = SMXMLDoc;
			sourceTree = "<group>";
		};
		E1FBDE7F174BC1B8002A2C48 /* Calendar */ = {
			isa = PBXGroup;
			children = (
				E1FBDE83174BC21A002A2C48 /* GoogCal.h */,
				E1FBDE84174BC21A002A2C48 /* GoogCal.m */,
				E1FBDE85174BC21A002A2C48 /* ISO8601DateFormatter.h */,
				E1FBDE86174BC21A002A2C48 /* ISO8601DateFormatter.m */,
			);
			name = Calendar;
			sourceTree = "<group>";
		};
/* End PBXGroup section */

/* Begin PBXNativeTarget section */
		E14B90181749B77400B9B971 /* downhamweb */ = {
			isa = PBXNativeTarget;
			buildConfigurationList = E14B90471749B77400B9B971 /* Build configuration list for PBXNativeTarget "downhamweb" */;
			buildPhases = (
				E14B90151749B77400B9B971 /* Sources */,
				E14B90161749B77400B9B971 /* Frameworks */,
				E14B90171749B77400B9B971 /* Resources */,
			);
			buildRules = (
			);
			dependencies = (
			);
			name = downhamweb;
			productName = DownhamWeb;
			productReference = E14B90191749B77400B9B971 /* downhamweb.app */;
			productType = "com.apple.product-type.application";
		};
/* End PBXNativeTarget section */

/* Begin PBXProject section */
		E14B90111749B77400B9B971 /* Project object */ = {
			isa = PBXProject;
			attributes = {
				CLASSPREFIX = DW;
				LastUpgradeCheck = 0460;
				ORGANIZATIONNAME = downhamweb;
				TargetAttributes = {
					E14B90181749B77400B9B971 = {
						DevelopmentTeam = Q374H542D8;
						SystemCapabilities = {
							com.apple.InAppPurchase = {
								enabled = 0;
							};
						};
					};
				};
			};
			buildConfigurationList = E14B90141749B77400B9B971 /* Build configuration list for PBXProject "downhamweb" */;
			compatibilityVersion = "Xcode 3.2";
			developmentRegion = English;
			hasScannedForEncodings = 0;
			knownRegions = (
				en,
				cs,
				de,
				es,
				eu,
				fi,
				fr,
				it,
				ja,
				ko,
				nl,
				no,
				pl,
				pt,
				ru,
				sk,
				sv,
				vi,
				zh_CN,
				ca,
				da,
				el,
				he,
				hu,
				id,
				nb,
				ro,
				tr,
				"zh-Hans",
				"zh-Hant",
			);
			mainGroup = E14B90101749B77400B9B971;
			productRefGroup = E14B901A1749B77400B9B971 /* Products */;
			projectDirPath = "";
			projectRoot = "";
			targets = (
				E14B90181749B77400B9B971 /* downhamweb */,
			);
		};
/* End PBXProject section */

/* Begin PBXResourcesBuildPhase section */
		E14B90171749B77400B9B971 /* Resources */ = {
			isa = PBXResourcesBuildPhase;
			buildActionMask = 2147483647;
			files = (
				E14EA87E179043AE0048AE7B /* dw114.png in Resources */,
				E14B90271749B77400B9B971 /* InfoPlist.strings in Resources */,
				E1A4B0991749E0770003AFA6 /* site-logo.png in Resources */,
				0B8BEF8A182EB60200C55F4F /* MPDismissKeyboard@2x.png in Resources */,
				E159D6FE175BEDF400104922 /* site-logo@2x.png in Resources */,
				0B8BEF89182EB60200C55F4F /* MPDismissKeyboard.png in Resources */,
				E150216D176251D5008D5BC3 /* tabbar.png in Resources */,
				0BB2CC8F185CD01C000D28E6 /* calendar.png in Resources */,
				0B8BEF87182EB60200C55F4F /* MPCheckmark.png in Resources */,
				E150216E176251D5008D5BC3 /* tabbar@2x.png in Resources */,
				0BB2CC9A185CD50C000D28E6 /* Safari7@2x.png in Resources */,
				0BB2CC92185CD01C000D28E6 /* news@2x.png in Resources */,
				0BB2CC91185CD01C000D28E6 /* news.png in Resources */,
				0BB2CC8D185CD01C000D28E6 /* business.png in Resources */,
				0BB2CC8E185CD01C000D28E6 /* business@2x.png in Resources */,
				E12A09F3176C0DFD00EF16E3 /* TUSafariActivity.strings in Resources */,
				0B8BEF85182EB60200C55F4F /* MPArrowRight.png in Resources */,
				E12A09F4176C0DFD00EF16E3 /* Safari.png in Resources */,
				0B80E276183E7B2900AD9249 /* webcam-down.png in Resources */,
				E12A09F5176C0DFD00EF16E3 /* Safari@2x.png in Resources */,
				0B80E277183E7B2900AD9249 /* webcam-down@2x.png in Resources */,
				E12A09F6176C0DFD00EF16E3 /* Safari@2x~ipad.png in Resources */,
				0B525741185396EF00DDE27E /* wheel@2x.png in Resources */,
				0B8BEF83182EB60200C55F4F /* MPArrowLeft.png in Resources */,
				0B8BEF84182EB60200C55F4F /* MPArrowLeft@2x.png in Resources */,
				0BB2CC9E185CD53E000D28E6 /* Safari7.png in Resources */,
				0BB2CC84185CBF1C000D28E6 /* Images.xcassets in Resources */,
				E12A09F7176C0DFD00EF16E3 /* Safari~ipad.png in Resources */,
				E12A0A01176C0E1E00EF16E3 /* ARChromeActivity.png in Resources */,
				E12A0A02176C0E1E00EF16E3 /* ARChromeActivity@2x.png in Resources */,
				0B8BEF88182EB60200C55F4F /* MPCheckmark@2x.png in Resources */,
				0BB2CC9B185CD50C000D28E6 /* Safari7@2x~ipad.png in Resources */,
				0B8BEF8B182EB60200C55F4F /* MPLogo.png in Resources */,
				E12A0A03176C0E1E00EF16E3 /* ARChromeActivity@2x~ipad.png in Resources */,
				E12A0A04176C0E1E00EF16E3 /* ARChromeActivity~ipad.png in Resources */,
				0BB2CC90185CD01C000D28E6 /* calendar@2x.png in Resources */,
				0B8930BA17A3003C0093EDDC /* Advertising.plist in Resources */,
				0BB2CC93185CD01C000D28E6 /* webcam.png in Resources */,
				0B8BEF8C182EB60200C55F4F /* MPLogo@2x.png in Resources */,
				0BB2CC94185CD01C000D28E6 /* webcam@2x.png in Resources */,
				0B525740185396EF00DDE27E /* wheel.png in Resources */,
				0B9B8F0617EA77120033BE83 /* Storyboard-iOS7.storyboard in Resources */,
				0B551A8117D3C73200C9064D /* InfoPlist.strings in Resources */,
				0B3CF7D1184E6C3D007910CB /* Businesses.plist in Resources */,
				0BB2CC9C185CD50C000D28E6 /* Safari7~ipad.png in Resources */,
				0B8BEF8E182EB60200C55F4F /* MPSurvey.storyboard in Resources */,
				0B8BEF86182EB60200C55F4F /* MPArrowRight@2x.png in Resources */,
			);
			runOnlyForDeploymentPostprocessing = 0;
		};
/* End PBXResourcesBuildPhase section */

/* Begin PBXSourcesBuildPhase section */
		E14B90151749B77400B9B971 /* Sources */ = {
			isa = PBXSourcesBuildPhase;
			buildActionMask = 2147483647;
			files = (
				0B8BE898181B183100AE9B6B /* UIImage+GIF.m in Sources */,
				0B466A81185CD8670047B3C8 /* DWBusinessCategoryViewController.m in Sources */,
				E14B90291749B77400B9B971 /* main.m in Sources */,
				E14B902D1749B77400B9B971 /* DWAppDelegate.m in Sources */,
				E14B905A1749B9ED00B9B971 /* DWWebcamViewController.m in Sources */,
				E1065853177A1C7000E99DF2 /* DWWebNewsViewController.m in Sources */,
				E1FBDE87174BC21A002A2C48 /* GoogCal.m in Sources */,
				0B8BE897181B183100AE9B6B /* UIButton+WebCache.m in Sources */,
				E14B907C1749D04000B9B971 /* SMXMLDocument.m in Sources */,
				0B8BE899181B183100AE9B6B /* UIImage+MultiFormat.m in Sources */,
				E14B907F1749D2D800B9B971 /* DWNewsViewController.m in Sources */,
				0B8BE892181B183100AE9B6B /* SDWebImageDecoder.m in Sources */,
				E1A4B104174B1DB00003AFA6 /* DWCalendarViewController.m in Sources */,
				E1FBDE8F174BD0DD002A2C48 /* DWEventDetailsViewController.m in Sources */,
				E1FBDE88174BC21A002A2C48 /* ISO8601DateFormatter.m in Sources */,
				0B8BE89B181B183100AE9B6B /* UIImageView+WebCache.m in Sources */,
				E12A09F8176C0DFD00EF16E3 /* TUSafariActivity.m in Sources */,
				0B8BE893181B183100AE9B6B /* SDWebImageDownloader.m in Sources */,
				E12A0A00176C0E1E00EF16E3 /* ARChromeActivity.m in Sources */,
				0B8BE891181B183100AE9B6B /* SDWebImageCompat.m in Sources */,
				0B466A87185CD8870047B3C8 /* DWTableViewController.m in Sources */,
				0B8BE88F181B183100AE9B6B /* NSData+GIF.m in Sources */,
				0BACAB8918411A3E001FBD3A /* DWBusinessMapViewController.m in Sources */,
				0B551A7817D3C73200C9064D /* Appirater.m in Sources */,
				0B80E27A183E972500AD9249 /* DWAboutViewController.m in Sources */,
				0B466A86185CD8870047B3C8 /* DWColour.m in Sources */,
				0B3CF7CC184E5F5F007910CB /* DWBusinessPoint.m in Sources */,
				0B8BE896181B183100AE9B6B /* SDWebImagePrefetcher.m in Sources */,
				0B8BE894181B183100AE9B6B /* SDWebImageDownloaderOperation.m in Sources */,
				0B8BEF94182EB60200C55F4F /* UIImage+MPImageEffects.m in Sources */,
				0B8BEF95182EB60200C55F4F /* UIView+MPSnapshotImage.m in Sources */,
				0B8BEF82182EB60200C55F4F /* Mixpanel.m in Sources */,
				0B82F2C5182EB9FB007BAEA6 /* MPSurvey.m in Sources */,
				0B8BEF8F182EB60200C55F4F /* MPSurveyNavigationController.m in Sources */,
				0B8BEF90182EB60200C55F4F /* MPSurveyQuestion.m in Sources */,
				0B8BEF91182EB60200C55F4F /* MPSurveyQuestionViewController.m in Sources */,
				0B8BEF92182EB60200C55F4F /* NSData+MPBase64.m in Sources */,
				0B8BEF93182EB60200C55F4F /* UIImage+MPAverageColor.m in Sources */,
				0B3CF7CF184E611F007910CB /* DWBusinessListingViewController.m in Sources */,
				0B8BE895181B183100AE9B6B /* SDWebImageManager.m in Sources */,
				0B8BE89A181B183100AE9B6B /* UIImage+WebP.m in Sources */,
				0B1FB50017D4C6AD001D868C /* DWViewController.m in Sources */,
				0B8BE890181B183100AE9B6B /* SDImageCache.m in Sources */,
			);
			runOnlyForDeploymentPostprocessing = 0;
		};
/* End PBXSourcesBuildPhase section */

/* Begin PBXVariantGroup section */
		0B551A1217D3C73200C9064D /* AppiraterLocalizable.strings */ = {
			isa = PBXVariantGroup;
			children = (
				0B551A1317D3C73200C9064D /* ca */,
			);
			name = AppiraterLocalizable.strings;
			sourceTree = "<group>";
		};
		0B551A1A17D3C73200C9064D /* AppiraterLocalizable.strings */ = {
			isa = PBXVariantGroup;
			children = (
				0B551A1B17D3C73200C9064D /* cs */,
			);
			name = AppiraterLocalizable.strings;
			sourceTree = "<group>";
		};
		0B551A1D17D3C73200C9064D /* AppiraterLocalizable.strings */ = {
			isa = PBXVariantGroup;
			children = (
				0B551A1E17D3C73200C9064D /* da */,
			);
			name = AppiraterLocalizable.strings;
			sourceTree = "<group>";
		};
		0B551A2017D3C73200C9064D /* AppiraterLocalizable.strings */ = {
			isa = PBXVariantGroup;
			children = (
				0B551A2117D3C73200C9064D /* de */,
			);
			name = AppiraterLocalizable.strings;
			sourceTree = "<group>";
		};
		0B551A2317D3C73200C9064D /* AppiraterLocalizable.strings */ = {
			isa = PBXVariantGroup;
			children = (
				0B551A2417D3C73200C9064D /* el */,
			);
			name = AppiraterLocalizable.strings;
			sourceTree = "<group>";
		};
		0B551A2617D3C73200C9064D /* InfoPlist.strings */ = {
			isa = PBXVariantGroup;
			children = (
				0B551A2717D3C73200C9064D /* en */,
			);
			name = InfoPlist.strings;
			sourceTree = "<group>";
		};
		0B551A2817D3C73200C9064D /* iOS7-MainStoryboard.storyboard */ = {
			isa = PBXVariantGroup;
			children = (
				0B551A2917D3C73200C9064D /* en */,
			);
			name = "iOS7-MainStoryboard.storyboard";
			sourceTree = "<group>";
		};
		0B551A2B17D3C73200C9064D /* AppiraterLocalizable.strings */ = {
			isa = PBXVariantGroup;
			children = (
				0B551A2C17D3C73200C9064D /* es */,
			);
			name = AppiraterLocalizable.strings;
			sourceTree = "<group>";
		};
		0B551A2E17D3C73200C9064D /* AppiraterLocalizable.strings */ = {
			isa = PBXVariantGroup;
			children = (
				0B551A2F17D3C73200C9064D /* fi */,
			);
			name = AppiraterLocalizable.strings;
			sourceTree = "<group>";
		};
		0B551A3117D3C73200C9064D /* AppiraterLocalizable.strings */ = {
			isa = PBXVariantGroup;
			children = (
				0B551A3217D3C73200C9064D /* fr */,
			);
			name = AppiraterLocalizable.strings;
			sourceTree = "<group>";
		};
		0B551A3417D3C73200C9064D /* AppiraterLocalizable.strings */ = {
			isa = PBXVariantGroup;
			children = (
				0B551A3517D3C73200C9064D /* he */,
			);
			name = AppiraterLocalizable.strings;
			sourceTree = "<group>";
		};
		0B551A3717D3C73200C9064D /* AppiraterLocalizable.strings */ = {
			isa = PBXVariantGroup;
			children = (
				0B551A3817D3C73200C9064D /* hu */,
			);
			name = AppiraterLocalizable.strings;
			sourceTree = "<group>";
		};
		0B551A3A17D3C73200C9064D /* AppiraterLocalizable.strings */ = {
			isa = PBXVariantGroup;
			children = (
				0B551A3B17D3C73200C9064D /* id */,
			);
			name = AppiraterLocalizable.strings;
			sourceTree = "<group>";
		};
		0B551A3D17D3C73200C9064D /* AppiraterLocalizable.strings */ = {
			isa = PBXVariantGroup;
			children = (
				0B551A3E17D3C73200C9064D /* it */,
			);
			name = AppiraterLocalizable.strings;
			sourceTree = "<group>";
		};
		0B551A4017D3C73200C9064D /* AppiraterLocalizable.strings */ = {
			isa = PBXVariantGroup;
			children = (
				0B551A4117D3C73200C9064D /* ja */,
			);
			name = AppiraterLocalizable.strings;
			sourceTree = "<group>";
		};
		0B551A4317D3C73200C9064D /* AppiraterLocalizable.strings */ = {
			isa = PBXVariantGroup;
			children = (
				0B551A4417D3C73200C9064D /* ko */,
			);
			name = AppiraterLocalizable.strings;
			sourceTree = "<group>";
		};
		0B551A5717D3C73200C9064D /* AppiraterLocalizable.strings */ = {
			isa = PBXVariantGroup;
			children = (
				0B551A5817D3C73200C9064D /* nb */,
			);
			name = AppiraterLocalizable.strings;
			sourceTree = "<group>";
		};
		0B551A5A17D3C73200C9064D /* AppiraterLocalizable.strings */ = {
			isa = PBXVariantGroup;
			children = (
				0B551A5B17D3C73200C9064D /* nl */,
			);
			name = AppiraterLocalizable.strings;
			sourceTree = "<group>";
		};
		0B551A5D17D3C73200C9064D /* AppiraterLocalizable.strings */ = {
			isa = PBXVariantGroup;
			children = (
				0B551A5E17D3C73200C9064D /* pl */,
			);
			name = AppiraterLocalizable.strings;
			sourceTree = "<group>";
		};
		0B551A6017D3C73200C9064D /* AppiraterLocalizable.strings */ = {
			isa = PBXVariantGroup;
			children = (
				0B551A6117D3C73200C9064D /* pt */,
			);
			name = AppiraterLocalizable.strings;
			sourceTree = "<group>";
		};
		0B551A6417D3C73200C9064D /* AppiraterLocalizable.strings */ = {
			isa = PBXVariantGroup;
			children = (
				0B551A6517D3C73200C9064D /* ro */,
			);
			name = AppiraterLocalizable.strings;
			sourceTree = "<group>";
		};
		0B551A6717D3C73200C9064D /* AppiraterLocalizable.strings */ = {
			isa = PBXVariantGroup;
			children = (
				0B551A6817D3C73200C9064D /* ru */,
			);
			name = AppiraterLocalizable.strings;
			sourceTree = "<group>";
		};
		0B551A6A17D3C73200C9064D /* AppiraterLocalizable.strings */ = {
			isa = PBXVariantGroup;
			children = (
				0B551A6B17D3C73200C9064D /* sk */,
			);
			name = AppiraterLocalizable.strings;
			sourceTree = "<group>";
		};
		0B551A6D17D3C73200C9064D /* AppiraterLocalizable.strings */ = {
			isa = PBXVariantGroup;
			children = (
				0B551A6E17D3C73200C9064D /* sv */,
			);
			name = AppiraterLocalizable.strings;
			sourceTree = "<group>";
		};
		0B551A7017D3C73200C9064D /* AppiraterLocalizable.strings */ = {
			isa = PBXVariantGroup;
			children = (
				0B551A7117D3C73200C9064D /* tr */,
			);
			name = AppiraterLocalizable.strings;
			sourceTree = "<group>";
		};
		0B551A7317D3C73200C9064D /* AppiraterLocalizable.strings */ = {
			isa = PBXVariantGroup;
			children = (
				0B551A7417D3C73200C9064D /* zh-Hans */,
			);
			name = AppiraterLocalizable.strings;
			sourceTree = "<group>";
		};
		0B551A7617D3C73200C9064D /* AppiraterLocalizable.strings */ = {
			isa = PBXVariantGroup;
			children = (
				0B551A7717D3C73200C9064D /* zh-Hant */,
			);
			name = AppiraterLocalizable.strings;
			sourceTree = "<group>";
		};
		E12A09D9176C0DFD00EF16E3 /* TUSafariActivity.strings */ = {
			isa = PBXVariantGroup;
			children = (
				E12A09DA176C0DFD00EF16E3 /* cs */,
				E12A09DB176C0DFD00EF16E3 /* de */,
				E12A09DC176C0DFD00EF16E3 /* en */,
				E12A09DD176C0DFD00EF16E3 /* es */,
				E12A09DE176C0DFD00EF16E3 /* eu */,
				E12A09DF176C0DFD00EF16E3 /* fi */,
				E12A09E0176C0DFD00EF16E3 /* fr */,
				E12A09E1176C0DFD00EF16E3 /* it */,
				E12A09E2176C0DFD00EF16E3 /* ja */,
				E12A09E3176C0DFD00EF16E3 /* ko */,
				E12A09E4176C0DFD00EF16E3 /* nl */,
				E12A09E5176C0DFD00EF16E3 /* no */,
				E12A09E6176C0DFD00EF16E3 /* pl */,
				E12A09E7176C0DFD00EF16E3 /* pt */,
				E12A09E8176C0DFD00EF16E3 /* ru */,
				E12A09ED176C0DFD00EF16E3 /* sk */,
				E12A09EE176C0DFD00EF16E3 /* sv */,
				E12A09F1176C0DFD00EF16E3 /* vi */,
				E12A09F2176C0DFD00EF16E3 /* zh_CN */,
			);
			name = TUSafariActivity.strings;
			sourceTree = "<group>";
		};
		E14B90251749B77400B9B971 /* InfoPlist.strings */ = {
			isa = PBXVariantGroup;
			children = (
				E14B90261749B77400B9B971 /* en */,
			);
			name = InfoPlist.strings;
			sourceTree = "<group>";
		};
/* End PBXVariantGroup section */

/* Begin XCBuildConfiguration section */
		E14B90451749B77400B9B971 /* Debug */ = {
			isa = XCBuildConfiguration;
			buildSettings = {
				ALWAYS_SEARCH_USER_PATHS = NO;
				CLANG_CXX_LANGUAGE_STANDARD = "gnu++0x";
				CLANG_CXX_LIBRARY = "libc++";
				CLANG_ENABLE_OBJC_ARC = YES;
				CLANG_WARN_CONSTANT_CONVERSION = YES;
				CLANG_WARN_EMPTY_BODY = YES;
				CLANG_WARN_ENUM_CONVERSION = YES;
				CLANG_WARN_INT_CONVERSION = YES;
				CLANG_WARN__DUPLICATE_METHOD_MATCH = YES;
				CODE_SIGN_IDENTITY = "iPhone Developer";
				"CODE_SIGN_IDENTITY[sdk=*]" = "iPhone Developer";
				COPY_PHASE_STRIP = NO;
				GCC_C_LANGUAGE_STANDARD = gnu99;
				GCC_DYNAMIC_NO_PIC = NO;
				GCC_OPTIMIZATION_LEVEL = 0;
				GCC_PREPROCESSOR_DEFINITIONS = (
					"DEBUG=1",
					"$(inherited)",
				);
				GCC_SYMBOLS_PRIVATE_EXTERN = NO;
				GCC_WARN_ABOUT_RETURN_TYPE = YES;
				GCC_WARN_UNINITIALIZED_AUTOS = YES;
				GCC_WARN_UNUSED_VARIABLE = YES;
				IPHONEOS_DEPLOYMENT_TARGET = 5.0;
				ONLY_ACTIVE_ARCH = YES;
				PROVISIONING_PROFILE = "";
				"PROVISIONING_PROFILE[sdk=*]" = "";
				SDKROOT = iphoneos;
			};
			name = Debug;
		};
		E14B90461749B77400B9B971 /* Release */ = {
			isa = XCBuildConfiguration;
			buildSettings = {
				ALWAYS_SEARCH_USER_PATHS = NO;
				CLANG_CXX_LANGUAGE_STANDARD = "gnu++0x";
				CLANG_CXX_LIBRARY = "libc++";
				CLANG_ENABLE_OBJC_ARC = YES;
				CLANG_WARN_CONSTANT_CONVERSION = YES;
				CLANG_WARN_EMPTY_BODY = YES;
				CLANG_WARN_ENUM_CONVERSION = YES;
				CLANG_WARN_INT_CONVERSION = YES;
				CLANG_WARN__DUPLICATE_METHOD_MATCH = YES;
				CODE_SIGN_IDENTITY = "iPhone Distribution: R SHIPPEY (Q374H542D8)";
				"CODE_SIGN_IDENTITY[sdk=*]" = "iPhone Distribution: R SHIPPEY (Q374H542D8)";
				COPY_PHASE_STRIP = YES;
				GCC_C_LANGUAGE_STANDARD = gnu99;
				GCC_WARN_ABOUT_RETURN_TYPE = YES;
				GCC_WARN_UNINITIALIZED_AUTOS = YES;
				GCC_WARN_UNUSED_VARIABLE = YES;
				IPHONEOS_DEPLOYMENT_TARGET = 5.0;
				OTHER_CFLAGS = "-DNS_BLOCK_ASSERTIONS=1";
				PROVISIONING_PROFILE = "5F66AFA6-85C0-4F3B-B9C8-F403300A0BDC";
				"PROVISIONING_PROFILE[sdk=*]" = "5F66AFA6-85C0-4F3B-B9C8-F403300A0BDC";
				SDKROOT = iphoneos;
				VALIDATE_PRODUCT = YES;
			};
			name = Release;
		};
		E14B90481749B77400B9B971 /* Debug */ = {
			isa = XCBuildConfiguration;
			buildSettings = {
				ASSETCATALOG_COMPILER_APPICON_NAME = AppIcon;
				ASSETCATALOG_COMPILER_LAUNCHIMAGE_NAME = LaunchImage;
				CLANG_ENABLE_OBJC_ARC = YES;
				GCC_PRECOMPILE_PREFIX_HEADER = YES;
				GCC_PREFIX_HEADER = "DownhamWeb/DownhamWeb-Prefix.pch";
				HEADER_SEARCH_PATHS = "/Users/Robert/Desktop/DownhamWeb/**";
				INFOPLIST_FILE = "DownhamWeb/DownhamWeb-Info.plist";
				IPHONEOS_DEPLOYMENT_TARGET = 7.0;
				LIBRARY_SEARCH_PATHS = (
					"$(inherited)",
					"\"$(SRCROOT)/DownhamWeb\"",
				);
				OTHER_LDFLAGS = "-ObjC";
				PRODUCT_NAME = "$(TARGET_NAME)";
				WRAPPER_EXTENSION = app;
			};
			name = Debug;
		};
		E14B90491749B77400B9B971 /* Release */ = {
			isa = XCBuildConfiguration;
			buildSettings = {
				ASSETCATALOG_COMPILER_APPICON_NAME = AppIcon;
				ASSETCATALOG_COMPILER_LAUNCHIMAGE_NAME = LaunchImage;
				CLANG_ENABLE_OBJC_ARC = YES;
				CODE_SIGN_IDENTITY = "iPhone Distribution: R SHIPPEY (Q374H542D8)";
				"CODE_SIGN_IDENTITY[sdk=*]" = "iPhone Distribution: R SHIPPEY (Q374H542D8)";
				GCC_PRECOMPILE_PREFIX_HEADER = YES;
				GCC_PREFIX_HEADER = "DownhamWeb/DownhamWeb-Prefix.pch";
				HEADER_SEARCH_PATHS = "/Users/Robert/Desktop/DownhamWeb/**";
				INFOPLIST_FILE = "DownhamWeb/DownhamWeb-Info.plist";
				IPHONEOS_DEPLOYMENT_TARGET = 7.0;
				LIBRARY_SEARCH_PATHS = (
					"$(inherited)",
					"\"$(SRCROOT)/DownhamWeb\"",
				);
				OTHER_LDFLAGS = "-ObjC";
				PRODUCT_NAME = "$(TARGET_NAME)";
				PROVISIONING_PROFILE = "5F66AFA6-85C0-4F3B-B9C8-F403300A0BDC";
				"PROVISIONING_PROFILE[sdk=*]" = "5F66AFA6-85C0-4F3B-B9C8-F403300A0BDC";
				WRAPPER_EXTENSION = app;
			};
			name = Release;
		};
/* End XCBuildConfiguration section */

/* Begin XCConfigurationList section */
		E14B90141749B77400B9B971 /* Build configuration list for PBXProject "downhamweb" */ = {
			isa = XCConfigurationList;
			buildConfigurations = (
				E14B90451749B77400B9B971 /* Debug */,
				E14B90461749B77400B9B971 /* Release */,
			);
			defaultConfigurationIsVisible = 0;
			defaultConfigurationName = Release;
		};
		E14B90471749B77400B9B971 /* Build configuration list for PBXNativeTarget "downhamweb" */ = {
			isa = XCConfigurationList;
			buildConfigurations = (
				E14B90481749B77400B9B971 /* Debug */,
				E14B90491749B77400B9B971 /* Release */,
			);
			defaultConfigurationIsVisible = 0;
			defaultConfigurationName = Release;
		};
/* End XCConfigurationList section */
	};
	rootObject = E14B90111749B77400B9B971 /* Project object */;
}
